// !$*UTF8*$!
{
	archiveVersion = 1;
	classes = {
	};
	objectVersion = 55;
	objects = {

/* Begin PBXBuildFile section */
		3359CC9128214C9A00878191 /* GameScene.sks in Resources */ = {isa = PBXBuildFile; fileRef = 3359CC9028214C9A00878191 /* GameScene.sks */; };
		3359CC9328214D8300878191 /* GameScene.swift in Sources */ = {isa = PBXBuildFile; fileRef = 3359CC9228214D8300878191 /* GameScene.swift */; };
		3359CC9628214E2200878191 /* GameSceneView.swift in Sources */ = {isa = PBXBuildFile; fileRef = 3359CC9528214E2200878191 /* GameSceneView.swift */; };
		3359CC9828214F1800878191 /* LabScene.sks in Resources */ = {isa = PBXBuildFile; fileRef = 3359CC9728214F1800878191 /* LabScene.sks */; };
		3359CC9A28214F4800878191 /* LabScene.swift in Sources */ = {isa = PBXBuildFile; fileRef = 3359CC9928214F4800878191 /* LabScene.swift */; };
		3359CC9C28214F6200878191 /* LabSceneView.swift in Sources */ = {isa = PBXBuildFile; fileRef = 3359CC9B28214F6200878191 /* LabSceneView.swift */; };
		3359CCA4282157C500878191 /* MyTileSet.sks in Resources */ = {isa = PBXBuildFile; fileRef = 3359CCA3282157C500878191 /* MyTileSet.sks */; };
		3359CCA62821596700878191 /* ClickableTile.swift in Sources */ = {isa = PBXBuildFile; fileRef = 3359CCA52821596700878191 /* ClickableTile.swift */; };
		C839C6A62821352200F66043 /* MadDoctorTDApp.swift in Sources */ = {isa = PBXBuildFile; fileRef = C839C6A52821352200F66043 /* MadDoctorTDApp.swift */; };
		C839C6A82821352200F66043 /* ContentView.swift in Sources */ = {isa = PBXBuildFile; fileRef = C839C6A72821352200F66043 /* ContentView.swift */; };
		C839C6AA2821352400F66043 /* Assets.xcassets in Resources */ = {isa = PBXBuildFile; fileRef = C839C6A92821352400F66043 /* Assets.xcassets */; };
		C839C6AD2821352400F66043 /* Preview Assets.xcassets in Resources */ = {isa = PBXBuildFile; fileRef = C839C6AC2821352400F66043 /* Preview Assets.xcassets */; };
		C839C6AF2821352400F66043 /* Persistence.swift in Sources */ = {isa = PBXBuildFile; fileRef = C839C6AE2821352400F66043 /* Persistence.swift */; };
		C839C6B22821352400F66043 /* MadDoctorTD.xcdatamodeld in Sources */ = {isa = PBXBuildFile; fileRef = C839C6B02821352400F66043 /* MadDoctorTD.xcdatamodeld */; };
		C839C6B928214DC900F66043 /* AppManager.swift in Sources */ = {isa = PBXBuildFile; fileRef = C839C6B828214DC900F66043 /* AppManager.swift */; };
/* End PBXBuildFile section */

/* Begin PBXFileReference section */
		3359CC9028214C9A00878191 /* GameScene.sks */ = {isa = PBXFileReference; lastKnownFileType = file.sks; path = GameScene.sks; sourceTree = "<group>"; };
		3359CC9228214D8300878191 /* GameScene.swift */ = {isa = PBXFileReference; lastKnownFileType = sourcecode.swift; path = GameScene.swift; sourceTree = "<group>"; };
		3359CC9528214E2200878191 /* GameSceneView.swift */ = {isa = PBXFileReference; lastKnownFileType = sourcecode.swift; path = GameSceneView.swift; sourceTree = "<group>"; };
		3359CC9728214F1800878191 /* LabScene.sks */ = {isa = PBXFileReference; lastKnownFileType = file.sks; path = LabScene.sks; sourceTree = "<group>"; };
		3359CC9928214F4800878191 /* LabScene.swift */ = {isa = PBXFileReference; lastKnownFileType = sourcecode.swift; path = LabScene.swift; sourceTree = "<group>"; };
		3359CC9B28214F6200878191 /* LabSceneView.swift */ = {isa = PBXFileReference; lastKnownFileType = sourcecode.swift; path = LabSceneView.swift; sourceTree = "<group>"; };
		3359CCA3282157C500878191 /* MyTileSet.sks */ = {isa = PBXFileReference; lastKnownFileType = file.sks; path = MyTileSet.sks; sourceTree = "<group>"; };
		3359CCA52821596700878191 /* ClickableTile.swift */ = {isa = PBXFileReference; lastKnownFileType = sourcecode.swift; path = ClickableTile.swift; sourceTree = "<group>"; };
		C839C6A22821352200F66043 /* MadDoctorTD.app */ = {isa = PBXFileReference; explicitFileType = wrapper.application; includeInIndex = 0; path = MadDoctorTD.app; sourceTree = BUILT_PRODUCTS_DIR; };
		C839C6A52821352200F66043 /* MadDoctorTDApp.swift */ = {isa = PBXFileReference; lastKnownFileType = sourcecode.swift; path = MadDoctorTDApp.swift; sourceTree = "<group>"; };
		C839C6A72821352200F66043 /* ContentView.swift */ = {isa = PBXFileReference; lastKnownFileType = sourcecode.swift; path = ContentView.swift; sourceTree = "<group>"; };
		C839C6A92821352400F66043 /* Assets.xcassets */ = {isa = PBXFileReference; lastKnownFileType = folder.assetcatalog; path = Assets.xcassets; sourceTree = "<group>"; };
		C839C6AC2821352400F66043 /* Preview Assets.xcassets */ = {isa = PBXFileReference; lastKnownFileType = folder.assetcatalog; path = "Preview Assets.xcassets"; sourceTree = "<group>"; };
		C839C6AE2821352400F66043 /* Persistence.swift */ = {isa = PBXFileReference; lastKnownFileType = sourcecode.swift; path = Persistence.swift; sourceTree = "<group>"; };
		C839C6B12821352400F66043 /* MadDoctorTD.xcdatamodel */ = {isa = PBXFileReference; lastKnownFileType = wrapper.xcdatamodel; path = MadDoctorTD.xcdatamodel; sourceTree = "<group>"; };
		C839C6B828214DC900F66043 /* AppManager.swift */ = {isa = PBXFileReference; lastKnownFileType = sourcecode.swift; path = AppManager.swift; sourceTree = "<group>"; };
/* End PBXFileReference section */

/* Begin PBXFrameworksBuildPhase section */
		C839C69F2821352200F66043 /* Frameworks */ = {
			isa = PBXFrameworksBuildPhase;
			buildActionMask = 2147483647;
			files = (
			);
			runOnlyForDeploymentPostprocessing = 0;
		};
/* End PBXFrameworksBuildPhase section */

/* Begin PBXGroup section */
		C839C6992821352200F66043 = {
			isa = PBXGroup;
			children = (
				C839C6A42821352200F66043 /* MadDoctorTD */,
				C839C6A32821352200F66043 /* Products */,
			);
			sourceTree = "<group>";
		};
		C839C6A32821352200F66043 /* Products */ = {
			isa = PBXGroup;
			children = (
				C839C6A22821352200F66043 /* MadDoctorTD.app */,
			);
			name = Products;
			sourceTree = "<group>";
		};
		C839C6A42821352200F66043 /* MadDoctorTD */ = {
			isa = PBXGroup;
			children = (
				C839C6A52821352200F66043 /* MadDoctorTDApp.swift */,
				C839C6A72821352200F66043 /* ContentView.swift */,
				C839C6A92821352400F66043 /* Assets.xcassets */,
				C839C6AE2821352400F66043 /* Persistence.swift */,
				C839C6B02821352400F66043 /* MadDoctorTD.xcdatamodeld */,
				C839C6B828214DC900F66043 /* AppManager.swift */,
				C839C6AB2821352400F66043 /* Preview Content */,
				3359CC9028214C9A00878191 /* GameScene.sks */,
				3359CC9228214D8300878191 /* GameScene.swift */,
				3359CC9528214E2200878191 /* GameSceneView.swift */,
				3359CC9728214F1800878191 /* LabScene.sks */,
				3359CC9928214F4800878191 /* LabScene.swift */,
				3359CC9B28214F6200878191 /* LabSceneView.swift */,
				3359CCA3282157C500878191 /* MyTileSet.sks */,
				3359CCA52821596700878191 /* ClickableTile.swift */,
			);
			path = MadDoctorTD;
			sourceTree = "<group>";
		};
		C839C6AB2821352400F66043 /* Preview Content */ = {
			isa = PBXGroup;
			children = (
				C839C6AC2821352400F66043 /* Preview Assets.xcassets */,
			);
			path = "Preview Content";
			sourceTree = "<group>";
		};
/* End PBXGroup section */

/* Begin PBXNativeTarget section */
		C839C6A12821352200F66043 /* MadDoctorTD */ = {
			isa = PBXNativeTarget;
			buildConfigurationList = C839C6B52821352400F66043 /* Build configuration list for PBXNativeTarget "MadDoctorTD" */;
			buildPhases = (
				C839C69E2821352200F66043 /* Sources */,
				C839C69F2821352200F66043 /* Frameworks */,
				C839C6A02821352200F66043 /* Resources */,
			);
			buildRules = (
			);
			dependencies = (
			);
			name = MadDoctorTD;
			productName = MadDoctorTD;
			productReference = C839C6A22821352200F66043 /* MadDoctorTD.app */;
			productType = "com.apple.product-type.application";
		};
/* End PBXNativeTarget section */

/* Begin PBXProject section */
		C839C69A2821352200F66043 /* Project object */ = {
			isa = PBXProject;
			attributes = {
				BuildIndependentTargetsInParallel = 1;
				LastSwiftUpdateCheck = 1330;
				LastUpgradeCheck = 1330;
				TargetAttributes = {
					C839C6A12821352200F66043 = {
						CreatedOnToolsVersion = 13.3.1;
					};
				};
			};
			buildConfigurationList = C839C69D2821352200F66043 /* Build configuration list for PBXProject "MadDoctorTD" */;
			compatibilityVersion = "Xcode 13.0";
			developmentRegion = en;
			hasScannedForEncodings = 0;
			knownRegions = (
				en,
				Base,
			);
			mainGroup = C839C6992821352200F66043;
			productRefGroup = C839C6A32821352200F66043 /* Products */;
			projectDirPath = "";
			projectRoot = "";
			targets = (
				C839C6A12821352200F66043 /* MadDoctorTD */,
			);
		};
/* End PBXProject section */

/* Begin PBXResourcesBuildPhase section */
		C839C6A02821352200F66043 /* Resources */ = {
			isa = PBXResourcesBuildPhase;
			buildActionMask = 2147483647;
			files = (
				3359CC9828214F1800878191 /* LabScene.sks in Resources */,
				C839C6AD2821352400F66043 /* Preview Assets.xcassets in Resources */,
				3359CC9128214C9A00878191 /* GameScene.sks in Resources */,
				3359CCA4282157C500878191 /* MyTileSet.sks in Resources */,
				C839C6AA2821352400F66043 /* Assets.xcassets in Resources */,
			);
			runOnlyForDeploymentPostprocessing = 0;
		};
/* End PBXResourcesBuildPhase section */

/* Begin PBXSourcesBuildPhase section */
		C839C69E2821352200F66043 /* Sources */ = {
			isa = PBXSourcesBuildPhase;
			buildActionMask = 2147483647;
			files = (
				3359CC9328214D8300878191 /* GameScene.swift in Sources */,
				3359CC9628214E2200878191 /* GameSceneView.swift in Sources */,
				C839C6AF2821352400F66043 /* Persistence.swift in Sources */,
				C839C6B928214DC900F66043 /* AppManager.swift in Sources */,
				C839C6B22821352400F66043 /* MadDoctorTD.xcdatamodeld in Sources */,
				3359CC9A28214F4800878191 /* LabScene.swift in Sources */,
				3359CC9C28214F6200878191 /* LabSceneView.swift in Sources */,
				C839C6A82821352200F66043 /* ContentView.swift in Sources */,
				3359CCA62821596700878191 /* ClickableTile.swift in Sources */,
				C839C6A62821352200F66043 /* MadDoctorTDApp.swift in Sources */,
			);
			runOnlyForDeploymentPostprocessing = 0;
		};
/* End PBXSourcesBuildPhase section */

/* Begin XCBuildConfiguration section */
		C839C6B32821352400F66043 /* Debug */ = {
			isa = XCBuildConfiguration;
			buildSettings = {
				ALWAYS_SEARCH_USER_PATHS = NO;
				CLANG_ANALYZER_NONNULL = YES;
				CLANG_ANALYZER_NUMBER_OBJECT_CONVERSION = YES_AGGRESSIVE;
				CLANG_CXX_LANGUAGE_STANDARD = "gnu++17";
				CLANG_ENABLE_MODULES = YES;
				CLANG_ENABLE_OBJC_ARC = YES;
				CLANG_ENABLE_OBJC_WEAK = YES;
				CLANG_WARN_BLOCK_CAPTURE_AUTORELEASING = YES;
				CLANG_WARN_BOOL_CONVERSION = YES;
				CLANG_WARN_COMMA = YES;
				CLANG_WARN_CONSTANT_CONVERSION = YES;
				CLANG_WARN_DEPRECATED_OBJC_IMPLEMENTATIONS = YES;
				CLANG_WARN_DIRECT_OBJC_ISA_USAGE = YES_ERROR;
				CLANG_WARN_DOCUMENTATION_COMMENTS = YES;
				CLANG_WARN_EMPTY_BODY = YES;
				CLANG_WARN_ENUM_CONVERSION = YES;
				CLANG_WARN_INFINITE_RECURSION = YES;
				CLANG_WARN_INT_CONVERSION = YES;
				CLANG_WARN_NON_LITERAL_NULL_CONVERSION = YES;
				CLANG_WARN_OBJC_IMPLICIT_RETAIN_SELF = YES;
				CLANG_WARN_OBJC_LITERAL_CONVERSION = YES;
				CLANG_WARN_OBJC_ROOT_CLASS = YES_ERROR;
				CLANG_WARN_QUOTED_INCLUDE_IN_FRAMEWORK_HEADER = YES;
				CLANG_WARN_RANGE_LOOP_ANALYSIS = YES;
				CLANG_WARN_STRICT_PROTOTYPES = YES;
				CLANG_WARN_SUSPICIOUS_MOVE = YES;
				CLANG_WARN_UNGUARDED_AVAILABILITY = YES_AGGRESSIVE;
				CLANG_WARN_UNREACHABLE_CODE = YES;
				CLANG_WARN__DUPLICATE_METHOD_MATCH = YES;
				COPY_PHASE_STRIP = NO;
				DEBUG_INFORMATION_FORMAT = dwarf;
				ENABLE_STRICT_OBJC_MSGSEND = YES;
				ENABLE_TESTABILITY = YES;
				GCC_C_LANGUAGE_STANDARD = gnu11;
				GCC_DYNAMIC_NO_PIC = NO;
				GCC_NO_COMMON_BLOCKS = YES;
				GCC_OPTIMIZATION_LEVEL = 0;
				GCC_PREPROCESSOR_DEFINITIONS = (
					"DEBUG=1",
					"$(inherited)",
				);
				GCC_WARN_64_TO_32_BIT_CONVERSION = YES;
				GCC_WARN_ABOUT_RETURN_TYPE = YES_ERROR;
				GCC_WARN_UNDECLARED_SELECTOR = YES;
				GCC_WARN_UNINITIALIZED_AUTOS = YES_AGGRESSIVE;
				GCC_WARN_UNUSED_FUNCTION = YES;
				GCC_WARN_UNUSED_VARIABLE = YES;
				IPHONEOS_DEPLOYMENT_TARGET = 15.2;
				MTL_ENABLE_DEBUG_INFO = INCLUDE_SOURCE;
				MTL_FAST_MATH = YES;
				ONLY_ACTIVE_ARCH = YES;
				SDKROOT = iphoneos;
				SWIFT_ACTIVE_COMPILATION_CONDITIONS = DEBUG;
				SWIFT_OPTIMIZATION_LEVEL = "-Onone";
			};
			name = Debug;
		};
		C839C6B42821352400F66043 /* Release */ = {
			isa = XCBuildConfiguration;
			buildSettings = {
				ALWAYS_SEARCH_USER_PATHS = NO;
				CLANG_ANALYZER_NONNULL = YES;
				CLANG_ANALYZER_NUMBER_OBJECT_CONVERSION = YES_AGGRESSIVE;
				CLANG_CXX_LANGUAGE_STANDARD = "gnu++17";
				CLANG_ENABLE_MODULES = YES;
				CLANG_ENABLE_OBJC_ARC = YES;
				CLANG_ENABLE_OBJC_WEAK = YES;
				CLANG_WARN_BLOCK_CAPTURE_AUTORELEASING = YES;
				CLANG_WARN_BOOL_CONVERSION = YES;
				CLANG_WARN_COMMA = YES;
				CLANG_WARN_CONSTANT_CONVERSION = YES;
				CLANG_WARN_DEPRECATED_OBJC_IMPLEMENTATIONS = YES;
				CLANG_WARN_DIRECT_OBJC_ISA_USAGE = YES_ERROR;
				CLANG_WARN_DOCUMENTATION_COMMENTS = YES;
				CLANG_WARN_EMPTY_BODY = YES;
				CLANG_WARN_ENUM_CONVERSION = YES;
				CLANG_WARN_INFINITE_RECURSION = YES;
				CLANG_WARN_INT_CONVERSION = YES;
				CLANG_WARN_NON_LITERAL_NULL_CONVERSION = YES;
				CLANG_WARN_OBJC_IMPLICIT_RETAIN_SELF = YES;
				CLANG_WARN_OBJC_LITERAL_CONVERSION = YES;
				CLANG_WARN_OBJC_ROOT_CLASS = YES_ERROR;
				CLANG_WARN_QUOTED_INCLUDE_IN_FRAMEWORK_HEADER = YES;
				CLANG_WARN_RANGE_LOOP_ANALYSIS = YES;
				CLANG_WARN_STRICT_PROTOTYPES = YES;
				CLANG_WARN_SUSPICIOUS_MOVE = YES;
				CLANG_WARN_UNGUARDED_AVAILABILITY = YES_AGGRESSIVE;
				CLANG_WARN_UNREACHABLE_CODE = YES;
				CLANG_WARN__DUPLICATE_METHOD_MATCH = YES;
				COPY_PHASE_STRIP = NO;
				DEBUG_INFORMATION_FORMAT = "dwarf-with-dsym";
				ENABLE_NS_ASSERTIONS = NO;
				ENABLE_STRICT_OBJC_MSGSEND = YES;
				GCC_C_LANGUAGE_STANDARD = gnu11;
				GCC_NO_COMMON_BLOCKS = YES;
				GCC_WARN_64_TO_32_BIT_CONVERSION = YES;
				GCC_WARN_ABOUT_RETURN_TYPE = YES_ERROR;
				GCC_WARN_UNDECLARED_SELECTOR = YES;
				GCC_WARN_UNINITIALIZED_AUTOS = YES_AGGRESSIVE;
				GCC_WARN_UNUSED_FUNCTION = YES;
				GCC_WARN_UNUSED_VARIABLE = YES;
				IPHONEOS_DEPLOYMENT_TARGET = 15.2;
				MTL_ENABLE_DEBUG_INFO = NO;
				MTL_FAST_MATH = YES;
				SDKROOT = iphoneos;
				SWIFT_COMPILATION_MODE = wholemodule;
				SWIFT_OPTIMIZATION_LEVEL = "-O";
				VALIDATE_PRODUCT = YES;
			};
			name = Release;
		};
		C839C6B62821352400F66043 /* Debug */ = {
			isa = XCBuildConfiguration;
			buildSettings = {
				ASSETCATALOG_COMPILER_APPICON_NAME = AppIcon;
				ASSETCATALOG_COMPILER_GLOBAL_ACCENT_COLOR_NAME = AccentColor;
				CODE_SIGN_STYLE = Automatic;
				CURRENT_PROJECT_VERSION = 1;
				DEVELOPMENT_ASSET_PATHS = "\"MadDoctorTD/Preview Content\"";
				DEVELOPMENT_TEAM = 3P2G45WJH3;
				ENABLE_PREVIEWS = YES;
				GENERATE_INFOPLIST_FILE = YES;
				INFOPLIST_KEY_UIApplicationSceneManifest_Generation = YES;
				INFOPLIST_KEY_UIApplicationSupportsIndirectInputEvents = YES;
				INFOPLIST_KEY_UILaunchScreen_Generation = YES;
				INFOPLIST_KEY_UISupportedInterfaceOrientations = UIInterfaceOrientationPortrait;
				INFOPLIST_KEY_UISupportedInterfaceOrientations_iPad = "UIInterfaceOrientationPortrait UIInterfaceOrientationPortraitUpsideDown UIInterfaceOrientationLandscapeLeft UIInterfaceOrientationLandscapeRight";
				INFOPLIST_KEY_UISupportedInterfaceOrientations_iPhone = "UIInterfaceOrientationPortrait UIInterfaceOrientationLandscapeLeft UIInterfaceOrientationLandscapeRight";
				LD_RUNPATH_SEARCH_PATHS = (
					"$(inherited)",
					"@executable_path/Frameworks",
				);
				MARKETING_VERSION = 1.0;
				PRODUCT_BUNDLE_IDENTIFIER = com.MadDoctor.MadDoctorTD;
				PRODUCT_NAME = "$(TARGET_NAME)";
				SWIFT_EMIT_LOC_STRINGS = YES;
				SWIFT_VERSION = 5.0;
				TARGETED_DEVICE_FAMILY = "1,2";
			};
			name = Debug;
		};
		C839C6B72821352400F66043 /* Release */ = {
			isa = XCBuildConfiguration;
			buildSettings = {
				ASSETCATALOG_COMPILER_APPICON_NAME = AppIcon;
				ASSETCATALOG_COMPILER_GLOBAL_ACCENT_COLOR_NAME = AccentColor;
				CODE_SIGN_STYLE = Automatic;
				CURRENT_PROJECT_VERSION = 1;
				DEVELOPMENT_ASSET_PATHS = "\"MadDoctorTD/Preview Content\"";
				DEVELOPMENT_TEAM = 3P2G45WJH3;
				ENABLE_PREVIEWS = YES;
				GENERATE_INFOPLIST_FILE = YES;
				INFOPLIST_KEY_UIApplicationSceneManifest_Generation = YES;
				INFOPLIST_KEY_UIApplicationSupportsIndirectInputEvents = YES;
				INFOPLIST_KEY_UILaunchScreen_Generation = YES;
				INFOPLIST_KEY_UISupportedInterfaceOrientations = UIInterfaceOrientationPortrait;
				INFOPLIST_KEY_UISupportedInterfaceOrientations_iPad = "UIInterfaceOrientationPortrait UIInterfaceOrientationPortraitUpsideDown UIInterfaceOrientationLandscapeLeft UIInterfaceOrientationLandscapeRight";
				INFOPLIST_KEY_UISupportedInterfaceOrientations_iPhone = "UIInterfaceOrientationPortrait UIInterfaceOrientationLandscapeLeft UIInterfaceOrientationLandscapeRight";
				LD_RUNPATH_SEARCH_PATHS = (
					"$(inherited)",
					"@executable_path/Frameworks",
				);
				MARKETING_VERSION = 1.0;
				PRODUCT_BUNDLE_IDENTIFIER = com.MadDoctor.MadDoctorTD;
				PRODUCT_NAME = "$(TARGET_NAME)";
				SWIFT_EMIT_LOC_STRINGS = YES;
				SWIFT_VERSION = 5.0;
				TARGETED_DEVICE_FAMILY = "1,2";
			};
			name = Release;
		};
/* End XCBuildConfiguration section */

/* Begin XCConfigurationList section */
		C839C69D2821352200F66043 /* Build configuration list for PBXProject "MadDoctorTD" */ = {
			isa = XCConfigurationList;
			buildConfigurations = (
				C839C6B32821352400F66043 /* Debug */,
				C839C6B42821352400F66043 /* Release */,
			);
			defaultConfigurationIsVisible = 0;
			defaultConfigurationName = Release;
		};
		C839C6B52821352400F66043 /* Build configuration list for PBXNativeTarget "MadDoctorTD" */ = {
			isa = XCConfigurationList;
			buildConfigurations = (
				C839C6B62821352400F66043 /* Debug */,
				C839C6B72821352400F66043 /* Release */,
			);
			defaultConfigurationIsVisible = 0;
			defaultConfigurationName = Release;
		};
/* End XCConfigurationList section */

/* Begin XCVersionGroup section */
		C839C6B02821352400F66043 /* MadDoctorTD.xcdatamodeld */ = {
			isa = XCVersionGroup;
			children = (
				C839C6B12821352400F66043 /* MadDoctorTD.xcdatamodel */,
			);
			currentVersion = C839C6B12821352400F66043 /* MadDoctorTD.xcdatamodel */;
			path = MadDoctorTD.xcdatamodeld;
			sourceTree = "<group>";
			versionGroupType = wrapper.xcdatamodel;
		};
/* End XCVersionGroup section */
	};
	rootObject = C839C69A2821352200F66043 /* Project object */;
}
