// !$*UTF8*$!
{
	archiveVersion = 1;
	classes = {
	};
	objectVersion = 55;
	objects = {

/* Begin PBXBuildFile section */
		3311AB8F28230D05009DEEEC /* GunProjectileImpact.sks in Resources */ = {isa = PBXBuildFile; fileRef = 3311AB8E28230D05009DEEEC /* GunProjectileImpact.sks */; };
		3311AB9128231156009DEEEC /* gun_projectile_impact.wav in Resources */ = {isa = PBXBuildFile; fileRef = 3311AB9028231156009DEEEC /* gun_projectile_impact.wav */; };
		3314684C282165F1003EA0CC /* GameSceneCommunicator.swift in Sources */ = {isa = PBXBuildFile; fileRef = 3314684B282165F0003EA0CC /* GameSceneCommunicator.swift */; };
		3320331A2822ABF500133BBA /* Projectile.swift in Sources */ = {isa = PBXBuildFile; fileRef = 332033192822ABF500133BBA /* Projectile.swift */; };
		3320331D2822ACFA00133BBA /* GunProjectile.swift in Sources */ = {isa = PBXBuildFile; fileRef = 3320331C2822ACFA00133BBA /* GunProjectile.swift */; };
		3359CC9128214C9A00878191 /* GameScene.sks in Resources */ = {isa = PBXBuildFile; fileRef = 3359CC9028214C9A00878191 /* GameScene.sks */; };
		3359CC9328214D8300878191 /* GameScene.swift in Sources */ = {isa = PBXBuildFile; fileRef = 3359CC9228214D8300878191 /* GameScene.swift */; };
		3359CC9628214E2200878191 /* GameSceneView.swift in Sources */ = {isa = PBXBuildFile; fileRef = 3359CC9528214E2200878191 /* GameSceneView.swift */; };
		3359CC9828214F1800878191 /* LabScene.sks in Resources */ = {isa = PBXBuildFile; fileRef = 3359CC9728214F1800878191 /* LabScene.sks */; };
		3359CC9A28214F4800878191 /* LabScene.swift in Sources */ = {isa = PBXBuildFile; fileRef = 3359CC9928214F4800878191 /* LabScene.swift */; };
		3359CC9C28214F6200878191 /* LabSceneView.swift in Sources */ = {isa = PBXBuildFile; fileRef = 3359CC9B28214F6200878191 /* LabSceneView.swift */; };
		3359CCA4282157C500878191 /* MyTileSet.sks in Resources */ = {isa = PBXBuildFile; fileRef = 3359CCA3282157C500878191 /* MyTileSet.sks */; };
		3359CCA62821596700878191 /* ClickableTile.swift in Sources */ = {isa = PBXBuildFile; fileRef = 3359CCA52821596700878191 /* ClickableTile.swift */; };
		3398938828362CAC006B0374 /* MoneyObject.swift in Sources */ = {isa = PBXBuildFile; fileRef = 3398938728362CAC006B0374 /* MoneyObject.swift */; };
		3398938A28363B3C006B0374 /* PriceObject.swift in Sources */ = {isa = PBXBuildFile; fileRef = 3398938928363B3C006B0374 /* PriceObject.swift */; };
		33B86801282D08DA004AA4D4 /* LabSceneCommunicator.swift in Sources */ = {isa = PBXBuildFile; fileRef = 33B86800282D08DA004AA4D4 /* LabSceneCommunicator.swift */; };
		B30A1E6F2833CA3B007F86E5 /* construction_sound_effect.wav in Resources */ = {isa = PBXBuildFile; fileRef = B30A1E6E2833CA3B007F86E5 /* construction_sound_effect.wav */; };
		B34EEA932836418E00CE60C1 /* metal_tap_2.mp3 in Resources */ = {isa = PBXBuildFile; fileRef = B34EEA8F2836418D00CE60C1 /* metal_tap_2.mp3 */; };
		B34EEA942836418E00CE60C1 /* metal_tap_3.mp3 in Resources */ = {isa = PBXBuildFile; fileRef = B34EEA902836418D00CE60C1 /* metal_tap_3.mp3 */; };
		B34EEA952836418E00CE60C1 /* metal_tap_4.mp3 in Resources */ = {isa = PBXBuildFile; fileRef = B34EEA912836418D00CE60C1 /* metal_tap_4.mp3 */; };
		B34EEA962836418E00CE60C1 /* metal_tap_1.mp3 in Resources */ = {isa = PBXBuildFile; fileRef = B34EEA922836418E00CE60C1 /* metal_tap_1.mp3 */; };
		B34EEA98283641A600CE60C1 /* 3_MAD_TD_Theme_Party_In_The_Basement_Deep.mp3 in Resources */ = {isa = PBXBuildFile; fileRef = B34EEA97283641A600CE60C1 /* 3_MAD_TD_Theme_Party_In_The_Basement_Deep.mp3 */; };
		B34EEADD2837B01B00CE60C1 /* upg_sound_1.mp3 in Resources */ = {isa = PBXBuildFile; fileRef = B34EEAD72837B01900CE60C1 /* upg_sound_1.mp3 */; };
		B34EEADE2837B01B00CE60C1 /* upg_sound_2.mp3 in Resources */ = {isa = PBXBuildFile; fileRef = B34EEAD82837B01900CE60C1 /* upg_sound_2.mp3 */; };
		B34EEADF2837B01B00CE60C1 /* upg_sound_4.mp3 in Resources */ = {isa = PBXBuildFile; fileRef = B34EEAD92837B01A00CE60C1 /* upg_sound_4.mp3 */; };
		B34EEAE02837B01B00CE60C1 /* sniper_chosen.mp3 in Resources */ = {isa = PBXBuildFile; fileRef = B34EEADA2837B01A00CE60C1 /* sniper_chosen.mp3 */; };
		B34EEAE12837B01B00CE60C1 /* upg_sound_3.mp3 in Resources */ = {isa = PBXBuildFile; fileRef = B34EEADB2837B01A00CE60C1 /* upg_sound_3.mp3 */; };
		B34EEAE22837B01B00CE60C1 /* upg_sound_5.mp3 in Resources */ = {isa = PBXBuildFile; fileRef = B34EEADC2837B01B00CE60C1 /* upg_sound_5.mp3 */; };
		B34EEAE42837C9DB00CE60C1 /* mad_td_simplified.wav in Resources */ = {isa = PBXBuildFile; fileRef = B34EEAE32837C9DA00CE60C1 /* mad_td_simplified.wav */; };
		B34EEAE62837D2B000CE60C1 /* portal_located.mp3 in Resources */ = {isa = PBXBuildFile; fileRef = B34EEAE52837D2B000CE60C1 /* portal_located.mp3 */; };
		B35C20FB282A45DB009A748E /* AWP_SOUND_EFFECT.wav in Resources */ = {isa = PBXBuildFile; fileRef = B35C20FA282A45DA009A748E /* AWP_SOUND_EFFECT.wav */; };
		B35C210B282A6330009A748E /* sniper_bullet_fly_by_2.wav in Resources */ = {isa = PBXBuildFile; fileRef = B35C2106282A632F009A748E /* sniper_bullet_fly_by_2.wav */; };
		B35C210C282A6330009A748E /* sniper_bullet_fly_by_1.wav in Resources */ = {isa = PBXBuildFile; fileRef = B35C2107282A632F009A748E /* sniper_bullet_fly_by_1.wav */; };
		B35C210D282A6330009A748E /* sniper_bullet_fly_by_4.wav in Resources */ = {isa = PBXBuildFile; fileRef = B35C2108282A632F009A748E /* sniper_bullet_fly_by_4.wav */; };
		B35C210E282A6330009A748E /* sniper_bullet_fly_by_5.wav in Resources */ = {isa = PBXBuildFile; fileRef = B35C2109282A632F009A748E /* sniper_bullet_fly_by_5.wav */; };
		B35C210F282A6330009A748E /* sniper_bullet_fly_by_3.wav in Resources */ = {isa = PBXBuildFile; fileRef = B35C210A282A6330009A748E /* sniper_bullet_fly_by_3.wav */; };
		B35C2112282A6EEE009A748E /* finger_tap_boosted.wav in Resources */ = {isa = PBXBuildFile; fileRef = B35C2110282A6EEE009A748E /* finger_tap_boosted.wav */; };
		B35C2115282B972B009A748E /* mad_td_theme.wav in Resources */ = {isa = PBXBuildFile; fileRef = B35C2114282B972B009A748E /* mad_td_theme.wav */; };
		B35C211D282BC07C009A748E /* mortar_swoosh3.mp3 in Resources */ = {isa = PBXBuildFile; fileRef = B35C2116282BC07B009A748E /* mortar_swoosh3.mp3 */; };
		B35C211E282BC07C009A748E /* mortar_swoosh5.mp3 in Resources */ = {isa = PBXBuildFile; fileRef = B35C2117282BC07B009A748E /* mortar_swoosh5.mp3 */; };
		B35C211F282BC07C009A748E /* mortar_swoosh4.mp3 in Resources */ = {isa = PBXBuildFile; fileRef = B35C2118282BC07C009A748E /* mortar_swoosh4.mp3 */; };
		B35C2120282BC07C009A748E /* mortar_swoosh1.mp3 in Resources */ = {isa = PBXBuildFile; fileRef = B35C2119282BC07C009A748E /* mortar_swoosh1.mp3 */; };
		B35C2121282BC07C009A748E /* mortar_swoosh6.mp3 in Resources */ = {isa = PBXBuildFile; fileRef = B35C211A282BC07C009A748E /* mortar_swoosh6.mp3 */; };
		B35C2122282BC07C009A748E /* mortar_swoosh7.mp3 in Resources */ = {isa = PBXBuildFile; fileRef = B35C211B282BC07C009A748E /* mortar_swoosh7.mp3 */; };
		B35C2123282BC07C009A748E /* mortar_swoosh2.mp3 in Resources */ = {isa = PBXBuildFile; fileRef = B35C211C282BC07C009A748E /* mortar_swoosh2.mp3 */; };
		B35C212F282BE83C009A748E /* filtered_theme_song_no_fizz.mp3 in Resources */ = {isa = PBXBuildFile; fileRef = B35C212E282BE838009A748E /* filtered_theme_song_no_fizz.mp3 */; };
		B35C2134282CFE8F009A748E /* slime_death3.wav in Resources */ = {isa = PBXBuildFile; fileRef = B35C2130282CFE8E009A748E /* slime_death3.wav */; };
		B35C2135282CFE8F009A748E /* slime_death4.wav in Resources */ = {isa = PBXBuildFile; fileRef = B35C2131282CFE8F009A748E /* slime_death4.wav */; };
		B35C2136282CFE8F009A748E /* slime_death2.wav in Resources */ = {isa = PBXBuildFile; fileRef = B35C2132282CFE8F009A748E /* slime_death2.wav */; };
		B35C2137282CFE8F009A748E /* slime_death1.wav in Resources */ = {isa = PBXBuildFile; fileRef = B35C2133282CFE8F009A748E /* slime_death1.wav */; };
		B35C2139282D00F0009A748E /* desert_custom_atmosphere.mp3 in Resources */ = {isa = PBXBuildFile; fileRef = B35C2138282D00F0009A748E /* desert_custom_atmosphere.mp3 */; };
		B35C213B282D021B009A748E /* mad_td_airlock_theme.wav in Resources */ = {isa = PBXBuildFile; fileRef = B35C213A282D021B009A748E /* mad_td_airlock_theme.wav */; };
		B35C213D282D39DB009A748E /* cannon_shot_fired.mp3 in Resources */ = {isa = PBXBuildFile; fileRef = B35C213C282D39DB009A748E /* cannon_shot_fired.mp3 */; };
		B35C213F282D3DA7009A748E /* cannon_tower_impact.mp3 in Resources */ = {isa = PBXBuildFile; fileRef = B35C213E282D3DA7009A748E /* cannon_tower_impact.mp3 */; };
		B35C2150282D44DC009A748E /* button_press_one.mp3 in Resources */ = {isa = PBXBuildFile; fileRef = B35C214C282D44DB009A748E /* button_press_one.mp3 */; };
		B35C2151282D44DC009A748E /* button_press_four.mp3 in Resources */ = {isa = PBXBuildFile; fileRef = B35C214D282D44DB009A748E /* button_press_four.mp3 */; };
		B35C2152282D44DC009A748E /* button_press_two.mp3 in Resources */ = {isa = PBXBuildFile; fileRef = B35C214E282D44DB009A748E /* button_press_two.mp3 */; };
		B35C2153282D44DC009A748E /* button_press_three.mp3 in Resources */ = {isa = PBXBuildFile; fileRef = B35C214F282D44DC009A748E /* button_press_three.mp3 */; };
		B35C2155282D4546009A748E /* research_view_open.mp3 in Resources */ = {isa = PBXBuildFile; fileRef = B35C2154282D4545009A748E /* research_view_open.mp3 */; };
		B35C2157282D454D009A748E /* research_interface_atmosphere.mp3 in Resources */ = {isa = PBXBuildFile; fileRef = B35C2156282D454D009A748E /* research_interface_atmosphere.mp3 */; };
		C81DED212837AE8800D67B8F /* ErrorInfo.swift in Sources */ = {isa = PBXBuildFile; fileRef = C81DED202837AE8800D67B8F /* ErrorInfo.swift */; };
		C839C6A62821352200F66043 /* MadDoctorTDApp.swift in Sources */ = {isa = PBXBuildFile; fileRef = C839C6A52821352200F66043 /* MadDoctorTDApp.swift */; };
		C839C6A82821352200F66043 /* ContentView.swift in Sources */ = {isa = PBXBuildFile; fileRef = C839C6A72821352200F66043 /* ContentView.swift */; };
		C839C6AA2821352400F66043 /* Assets.xcassets in Resources */ = {isa = PBXBuildFile; fileRef = C839C6A92821352400F66043 /* Assets.xcassets */; };
		C839C6AD2821352400F66043 /* Preview Assets.xcassets in Resources */ = {isa = PBXBuildFile; fileRef = C839C6AC2821352400F66043 /* Preview Assets.xcassets */; };
		C839C6AF2821352400F66043 /* Persistence.swift in Sources */ = {isa = PBXBuildFile; fileRef = C839C6AE2821352400F66043 /* Persistence.swift */; };
		C839C6B22821352400F66043 /* MadDoctorTD.xcdatamodeld in Sources */ = {isa = PBXBuildFile; fileRef = C839C6B02821352400F66043 /* MadDoctorTD.xcdatamodeld */; };
		C839C6B928214DC900F66043 /* AppManager.swift in Sources */ = {isa = PBXBuildFile; fileRef = C839C6B828214DC900F66043 /* AppManager.swift */; };
		C839C6BB2821579F00F66043 /* Constants.swift in Sources */ = {isa = PBXBuildFile; fileRef = C839C6BA2821579F00F66043 /* Constants.swift */; };
		C839C6BD2821586300F66043 /* GameManager.swift in Sources */ = {isa = PBXBuildFile; fileRef = C839C6BC2821586300F66043 /* GameManager.swift */; };
		C839C6BF282158C100F66043 /* SoundManager.swift in Sources */ = {isa = PBXBuildFile; fileRef = C839C6BE282158C100F66043 /* SoundManager.swift */; };
		C839C6C128215B4800F66043 /* InputManager.swift in Sources */ = {isa = PBXBuildFile; fileRef = C839C6C028215B4800F66043 /* InputManager.swift */; };
		C839C6C62821619200F66043 /* LabMenuView.swift in Sources */ = {isa = PBXBuildFile; fileRef = C839C6C52821619200F66043 /* LabMenuView.swift */; };
		C839C6C8282161BA00F66043 /* MainMenuView.swift in Sources */ = {isa = PBXBuildFile; fileRef = C839C6C7282161BA00F66043 /* MainMenuView.swift */; };
		C839C6CA282161DF00F66043 /* ResearchView.swift in Sources */ = {isa = PBXBuildFile; fileRef = C839C6C9282161DF00F66043 /* ResearchView.swift */; };
		C839C6CC2821621400F66043 /* SettingsView.swift in Sources */ = {isa = PBXBuildFile; fileRef = C839C6CB2821621400F66043 /* SettingsView.swift */; };
		C839C6CE28216A0A00F66043 /* PhysicsExtension.swift in Sources */ = {isa = PBXBuildFile; fileRef = C839C6CD28216A0A00F66043 /* PhysicsExtension.swift */; };
		C839C6D028216CD400F66043 /* FoundationPlate.swift in Sources */ = {isa = PBXBuildFile; fileRef = C839C6CF28216CD400F66043 /* FoundationPlate.swift */; };
		C844A72D282A46A300FC42C9 /* TowerFactory.swift in Sources */ = {isa = PBXBuildFile; fileRef = C844A72C282A46A300FC42C9 /* TowerFactory.swift */; };
		C844A72F282A582800FC42C9 /* ProjectileFactory.swift in Sources */ = {isa = PBXBuildFile; fileRef = C844A72E282A582700FC42C9 /* ProjectileFactory.swift */; };
		C844A731282A6D5800FC42C9 /* ClickableTilesFactory.swift in Sources */ = {isa = PBXBuildFile; fileRef = C844A730282A6D5800FC42C9 /* ClickableTilesFactory.swift */; };
		C844A733282A7FE500FC42C9 /* FoundationPlatesFactory.swift in Sources */ = {isa = PBXBuildFile; fileRef = C844A732282A7FE500FC42C9 /* FoundationPlatesFactory.swift */; };
		C844A735282A88DA00FC42C9 /* SlimeEnemy.swift in Sources */ = {isa = PBXBuildFile; fileRef = C844A734282A88DA00FC42C9 /* SlimeEnemy.swift */; };
		C844A737282A969600FC42C9 /* CannonExplosion.sks in Resources */ = {isa = PBXBuildFile; fileRef = C844A736282A969600FC42C9 /* CannonExplosion.sks */; };
		C844A739282A982800FC42C9 /* EnemiesFactory.swift in Sources */ = {isa = PBXBuildFile; fileRef = C844A738282A982800FC42C9 /* EnemiesFactory.swift */; };
		C844A73C282AA26C00FC42C9 /* SquidEnemy.swift in Sources */ = {isa = PBXBuildFile; fileRef = C844A73B282AA26C00FC42C9 /* SquidEnemy.swift */; };
		C868AACE28229790003F91D0 /* Enemy.swift in Sources */ = {isa = PBXBuildFile; fileRef = C868AACD28229790003F91D0 /* Enemy.swift */; };
		C897BC1D282510380085D093 /* WaveManager.swift in Sources */ = {isa = PBXBuildFile; fileRef = C897BC1C282510380085D093 /* WaveManager.swift */; };
		C897BC1F282515260085D093 /* RandomNumberGenerator.swift in Sources */ = {isa = PBXBuildFile; fileRef = C897BC1E282515260085D093 /* RandomNumberGenerator.swift */; };
		C89DA1DB282E857D00364AB4 /* GameOverView.swift in Sources */ = {isa = PBXBuildFile; fileRef = C89DA1DA282E857D00364AB4 /* GameOverView.swift */; };
		C8A23076282D4FFD00A4B8DA /* PhysicsUtils.swift in Sources */ = {isa = PBXBuildFile; fileRef = C8A23075282D4FFD00A4B8DA /* PhysicsUtils.swift */; };
		C8A2F62A28351B6000D94CEE /* BossEnemy.swift in Sources */ = {isa = PBXBuildFile; fileRef = C8A2F62928351B6000D94CEE /* BossEnemy.swift */; };
		C8E0591828365CED00BB2F9F /* DropObject.swift in Sources */ = {isa = PBXBuildFile; fileRef = C8E0591728365CED00BB2F9F /* DropObject.swift */; };
		C8E0591C2836869F00BB2F9F /* Dialogue.swift in Sources */ = {isa = PBXBuildFile; fileRef = C8E0591B2836869F00BB2F9F /* Dialogue.swift */; };
		C8E0591E2836874B00BB2F9F /* SlimeMaterialObtainedDialogue.swift in Sources */ = {isa = PBXBuildFile; fileRef = C8E0591D2836874B00BB2F9F /* SlimeMaterialObtainedDialogue.swift */; };
		C8E693452823C38F00D0A661 /* Edge.swift in Sources */ = {isa = PBXBuildFile; fileRef = C8E693442823C38F00D0A661 /* Edge.swift */; };
		E5268CCC28226EF000F134A5 /* Tower.swift in Sources */ = {isa = PBXBuildFile; fileRef = E5268CCB28226EF000F134A5 /* Tower.swift */; };
		E5268CD02822708600F134A5 /* GunTower.swift in Sources */ = {isa = PBXBuildFile; fileRef = E5268CCF2822708600F134A5 /* GunTower.swift */; };
		E5268CD228250E5F00F134A5 /* RapidFireTower.swift in Sources */ = {isa = PBXBuildFile; fileRef = E5268CD128250E5F00F134A5 /* RapidFireTower.swift */; };
		E5268CD4282537BD00F134A5 /* SniperTower.swift in Sources */ = {isa = PBXBuildFile; fileRef = E5268CD3282537BC00F134A5 /* SniperTower.swift */; };
		E5268CD628253E6600F134A5 /* SniperProjectile.swift in Sources */ = {isa = PBXBuildFile; fileRef = E5268CD528253E6600F134A5 /* SniperProjectile.swift */; };
		E57BA9E7282B9819001BCD99 /* StartScene.sks in Resources */ = {isa = PBXBuildFile; fileRef = E57BA9E6282B9819001BCD99 /* StartScene.sks */; };
		E57BA9E9282B9885001BCD99 /* StartScene.swift in Sources */ = {isa = PBXBuildFile; fileRef = E57BA9E8282B9885001BCD99 /* StartScene.swift */; };
		E57BA9ED282B9922001BCD99 /* StartSceneView.swift in Sources */ = {isa = PBXBuildFile; fileRef = E57BA9EC282B9922001BCD99 /* StartSceneView.swift */; };
		E57BA9EF282B9CD2001BCD99 /* StartSceneCommunicator.swift in Sources */ = {isa = PBXBuildFile; fileRef = E57BA9EE282B9CD2001BCD99 /* StartSceneCommunicator.swift */; };
		E5836FF7282A621500EAF6E9 /* CannonTower.swift in Sources */ = {isa = PBXBuildFile; fileRef = E5836FF6282A621500EAF6E9 /* CannonTower.swift */; };
		E5836FF9282A652D00EAF6E9 /* AoeProjectile.swift in Sources */ = {isa = PBXBuildFile; fileRef = E5836FF8282A652D00EAF6E9 /* AoeProjectile.swift */; };
		E5836FFB282A662000EAF6E9 /* CannonProjectile.swift in Sources */ = {isa = PBXBuildFile; fileRef = E5836FFA282A662000EAF6E9 /* CannonProjectile.swift */; };
		E5BB6D65283CC2F0003E57D9 /* Launch Screen.storyboard in Resources */ = {isa = PBXBuildFile; fileRef = E5BB6D64283CC2F0003E57D9 /* Launch Screen.storyboard */; };
		E5E965DE2833809700010B5A /* TowerMenuScene.sks in Resources */ = {isa = PBXBuildFile; fileRef = E5E965DD2833809700010B5A /* TowerMenuScene.sks */; };
/* End PBXBuildFile section */

/* Begin PBXFileReference section */
		3311AB8E28230D05009DEEEC /* GunProjectileImpact.sks */ = {isa = PBXFileReference; lastKnownFileType = file.sks; path = GunProjectileImpact.sks; sourceTree = "<group>"; };
		3311AB9028231156009DEEEC /* gun_projectile_impact.wav */ = {isa = PBXFileReference; lastKnownFileType = audio.wav; path = gun_projectile_impact.wav; sourceTree = "<group>"; };
		3314684B282165F0003EA0CC /* GameSceneCommunicator.swift */ = {isa = PBXFileReference; lastKnownFileType = sourcecode.swift; path = GameSceneCommunicator.swift; sourceTree = "<group>"; };
		332033192822ABF500133BBA /* Projectile.swift */ = {isa = PBXFileReference; lastKnownFileType = sourcecode.swift; path = Projectile.swift; sourceTree = "<group>"; };
		3320331C2822ACFA00133BBA /* GunProjectile.swift */ = {isa = PBXFileReference; lastKnownFileType = sourcecode.swift; path = GunProjectile.swift; sourceTree = "<group>"; };
		3359CC9028214C9A00878191 /* GameScene.sks */ = {isa = PBXFileReference; lastKnownFileType = file.sks; path = GameScene.sks; sourceTree = "<group>"; };
		3359CC9228214D8300878191 /* GameScene.swift */ = {isa = PBXFileReference; lastKnownFileType = sourcecode.swift; path = GameScene.swift; sourceTree = "<group>"; };
		3359CC9528214E2200878191 /* GameSceneView.swift */ = {isa = PBXFileReference; lastKnownFileType = sourcecode.swift; path = GameSceneView.swift; sourceTree = "<group>"; };
		3359CC9728214F1800878191 /* LabScene.sks */ = {isa = PBXFileReference; lastKnownFileType = file.sks; path = LabScene.sks; sourceTree = "<group>"; };
		3359CC9928214F4800878191 /* LabScene.swift */ = {isa = PBXFileReference; lastKnownFileType = sourcecode.swift; path = LabScene.swift; sourceTree = "<group>"; };
		3359CC9B28214F6200878191 /* LabSceneView.swift */ = {isa = PBXFileReference; lastKnownFileType = sourcecode.swift; path = LabSceneView.swift; sourceTree = "<group>"; };
		3359CCA3282157C500878191 /* MyTileSet.sks */ = {isa = PBXFileReference; lastKnownFileType = file.sks; path = MyTileSet.sks; sourceTree = "<group>"; };
		3359CCA52821596700878191 /* ClickableTile.swift */ = {isa = PBXFileReference; lastKnownFileType = sourcecode.swift; path = ClickableTile.swift; sourceTree = "<group>"; };
		3398938728362CAC006B0374 /* MoneyObject.swift */ = {isa = PBXFileReference; lastKnownFileType = sourcecode.swift; path = MoneyObject.swift; sourceTree = "<group>"; };
		3398938928363B3C006B0374 /* PriceObject.swift */ = {isa = PBXFileReference; lastKnownFileType = sourcecode.swift; path = PriceObject.swift; sourceTree = "<group>"; };
		33B86800282D08DA004AA4D4 /* LabSceneCommunicator.swift */ = {isa = PBXFileReference; lastKnownFileType = sourcecode.swift; path = LabSceneCommunicator.swift; sourceTree = "<group>"; };
		B30A1E6E2833CA3B007F86E5 /* construction_sound_effect.wav */ = {isa = PBXFileReference; lastKnownFileType = audio.wav; path = construction_sound_effect.wav; sourceTree = "<group>"; };
		B34EEA8F2836418D00CE60C1 /* metal_tap_2.mp3 */ = {isa = PBXFileReference; lastKnownFileType = audio.mp3; path = metal_tap_2.mp3; sourceTree = "<group>"; };
		B34EEA902836418D00CE60C1 /* metal_tap_3.mp3 */ = {isa = PBXFileReference; lastKnownFileType = audio.mp3; path = metal_tap_3.mp3; sourceTree = "<group>"; };
		B34EEA912836418D00CE60C1 /* metal_tap_4.mp3 */ = {isa = PBXFileReference; lastKnownFileType = audio.mp3; path = metal_tap_4.mp3; sourceTree = "<group>"; };
		B34EEA922836418E00CE60C1 /* metal_tap_1.mp3 */ = {isa = PBXFileReference; lastKnownFileType = audio.mp3; path = metal_tap_1.mp3; sourceTree = "<group>"; };
		B34EEA97283641A600CE60C1 /* 3_MAD_TD_Theme_Party_In_The_Basement_Deep.mp3 */ = {isa = PBXFileReference; lastKnownFileType = audio.mp3; path = 3_MAD_TD_Theme_Party_In_The_Basement_Deep.mp3; sourceTree = "<group>"; };
		B34EEAD72837B01900CE60C1 /* upg_sound_1.mp3 */ = {isa = PBXFileReference; lastKnownFileType = audio.mp3; path = upg_sound_1.mp3; sourceTree = "<group>"; };
		B34EEAD82837B01900CE60C1 /* upg_sound_2.mp3 */ = {isa = PBXFileReference; lastKnownFileType = audio.mp3; path = upg_sound_2.mp3; sourceTree = "<group>"; };
		B34EEAD92837B01A00CE60C1 /* upg_sound_4.mp3 */ = {isa = PBXFileReference; lastKnownFileType = audio.mp3; path = upg_sound_4.mp3; sourceTree = "<group>"; };
		B34EEADA2837B01A00CE60C1 /* sniper_chosen.mp3 */ = {isa = PBXFileReference; lastKnownFileType = audio.mp3; path = sniper_chosen.mp3; sourceTree = "<group>"; };
		B34EEADB2837B01A00CE60C1 /* upg_sound_3.mp3 */ = {isa = PBXFileReference; lastKnownFileType = audio.mp3; path = upg_sound_3.mp3; sourceTree = "<group>"; };
		B34EEADC2837B01B00CE60C1 /* upg_sound_5.mp3 */ = {isa = PBXFileReference; lastKnownFileType = audio.mp3; path = upg_sound_5.mp3; sourceTree = "<group>"; };
		B34EEAE32837C9DA00CE60C1 /* mad_td_simplified.wav */ = {isa = PBXFileReference; lastKnownFileType = audio.wav; path = mad_td_simplified.wav; sourceTree = "<group>"; };
		B34EEAE52837D2B000CE60C1 /* portal_located.mp3 */ = {isa = PBXFileReference; lastKnownFileType = audio.mp3; path = portal_located.mp3; sourceTree = "<group>"; };
		B35C20FA282A45DA009A748E /* AWP_SOUND_EFFECT.wav */ = {isa = PBXFileReference; lastKnownFileType = audio.wav; path = AWP_SOUND_EFFECT.wav; sourceTree = "<group>"; };
		B35C2106282A632F009A748E /* sniper_bullet_fly_by_2.wav */ = {isa = PBXFileReference; lastKnownFileType = audio.wav; path = sniper_bullet_fly_by_2.wav; sourceTree = "<group>"; };
		B35C2107282A632F009A748E /* sniper_bullet_fly_by_1.wav */ = {isa = PBXFileReference; lastKnownFileType = audio.wav; path = sniper_bullet_fly_by_1.wav; sourceTree = "<group>"; };
		B35C2108282A632F009A748E /* sniper_bullet_fly_by_4.wav */ = {isa = PBXFileReference; lastKnownFileType = audio.wav; path = sniper_bullet_fly_by_4.wav; sourceTree = "<group>"; };
		B35C2109282A632F009A748E /* sniper_bullet_fly_by_5.wav */ = {isa = PBXFileReference; lastKnownFileType = audio.wav; path = sniper_bullet_fly_by_5.wav; sourceTree = "<group>"; };
		B35C210A282A6330009A748E /* sniper_bullet_fly_by_3.wav */ = {isa = PBXFileReference; lastKnownFileType = audio.wav; path = sniper_bullet_fly_by_3.wav; sourceTree = "<group>"; };
		B35C2110282A6EEE009A748E /* finger_tap_boosted.wav */ = {isa = PBXFileReference; lastKnownFileType = audio.wav; path = finger_tap_boosted.wav; sourceTree = "<group>"; };
		B35C2111282A6EEE009A748E /* construction_sound_effect.wav */ = {isa = PBXFileReference; lastKnownFileType = audio.wav; path = construction_sound_effect.wav; sourceTree = "<group>"; };
		B35C2114282B972B009A748E /* mad_td_theme.wav */ = {isa = PBXFileReference; lastKnownFileType = audio.wav; path = mad_td_theme.wav; sourceTree = "<group>"; };
		B35C2116282BC07B009A748E /* mortar_swoosh3.mp3 */ = {isa = PBXFileReference; lastKnownFileType = audio.mp3; path = mortar_swoosh3.mp3; sourceTree = "<group>"; };
		B35C2117282BC07B009A748E /* mortar_swoosh5.mp3 */ = {isa = PBXFileReference; lastKnownFileType = audio.mp3; path = mortar_swoosh5.mp3; sourceTree = "<group>"; };
		B35C2118282BC07C009A748E /* mortar_swoosh4.mp3 */ = {isa = PBXFileReference; lastKnownFileType = audio.mp3; path = mortar_swoosh4.mp3; sourceTree = "<group>"; };
		B35C2119282BC07C009A748E /* mortar_swoosh1.mp3 */ = {isa = PBXFileReference; lastKnownFileType = audio.mp3; path = mortar_swoosh1.mp3; sourceTree = "<group>"; };
		B35C211A282BC07C009A748E /* mortar_swoosh6.mp3 */ = {isa = PBXFileReference; lastKnownFileType = audio.mp3; path = mortar_swoosh6.mp3; sourceTree = "<group>"; };
		B35C211B282BC07C009A748E /* mortar_swoosh7.mp3 */ = {isa = PBXFileReference; lastKnownFileType = audio.mp3; path = mortar_swoosh7.mp3; sourceTree = "<group>"; };
		B35C211C282BC07C009A748E /* mortar_swoosh2.mp3 */ = {isa = PBXFileReference; lastKnownFileType = audio.mp3; path = mortar_swoosh2.mp3; sourceTree = "<group>"; };
		B35C212E282BE838009A748E /* filtered_theme_song_no_fizz.mp3 */ = {isa = PBXFileReference; lastKnownFileType = audio.mp3; path = filtered_theme_song_no_fizz.mp3; sourceTree = "<group>"; };
		B35C2130282CFE8E009A748E /* slime_death3.wav */ = {isa = PBXFileReference; lastKnownFileType = audio.wav; path = slime_death3.wav; sourceTree = "<group>"; };
		B35C2131282CFE8F009A748E /* slime_death4.wav */ = {isa = PBXFileReference; lastKnownFileType = audio.wav; path = slime_death4.wav; sourceTree = "<group>"; };
		B35C2132282CFE8F009A748E /* slime_death2.wav */ = {isa = PBXFileReference; lastKnownFileType = audio.wav; path = slime_death2.wav; sourceTree = "<group>"; };
		B35C2133282CFE8F009A748E /* slime_death1.wav */ = {isa = PBXFileReference; lastKnownFileType = audio.wav; path = slime_death1.wav; sourceTree = "<group>"; };
		B35C2138282D00F0009A748E /* desert_custom_atmosphere.mp3 */ = {isa = PBXFileReference; lastKnownFileType = audio.mp3; path = desert_custom_atmosphere.mp3; sourceTree = "<group>"; };
		B35C213A282D021B009A748E /* mad_td_airlock_theme.wav */ = {isa = PBXFileReference; lastKnownFileType = audio.wav; path = mad_td_airlock_theme.wav; sourceTree = "<group>"; };
		B35C213C282D39DB009A748E /* cannon_shot_fired.mp3 */ = {isa = PBXFileReference; lastKnownFileType = audio.mp3; path = cannon_shot_fired.mp3; sourceTree = "<group>"; };
		B35C213E282D3DA7009A748E /* cannon_tower_impact.mp3 */ = {isa = PBXFileReference; lastKnownFileType = audio.mp3; path = cannon_tower_impact.mp3; sourceTree = "<group>"; };
		B35C214C282D44DB009A748E /* button_press_one.mp3 */ = {isa = PBXFileReference; lastKnownFileType = audio.mp3; path = button_press_one.mp3; sourceTree = "<group>"; };
		B35C214D282D44DB009A748E /* button_press_four.mp3 */ = {isa = PBXFileReference; lastKnownFileType = audio.mp3; path = button_press_four.mp3; sourceTree = "<group>"; };
		B35C214E282D44DB009A748E /* button_press_two.mp3 */ = {isa = PBXFileReference; lastKnownFileType = audio.mp3; path = button_press_two.mp3; sourceTree = "<group>"; };
		B35C214F282D44DC009A748E /* button_press_three.mp3 */ = {isa = PBXFileReference; lastKnownFileType = audio.mp3; path = button_press_three.mp3; sourceTree = "<group>"; };
		B35C2154282D4545009A748E /* research_view_open.mp3 */ = {isa = PBXFileReference; lastKnownFileType = audio.mp3; path = research_view_open.mp3; sourceTree = "<group>"; };
		B35C2156282D454D009A748E /* research_interface_atmosphere.mp3 */ = {isa = PBXFileReference; lastKnownFileType = audio.mp3; path = research_interface_atmosphere.mp3; sourceTree = "<group>"; };
		C81DED202837AE8800D67B8F /* ErrorInfo.swift */ = {isa = PBXFileReference; lastKnownFileType = sourcecode.swift; path = ErrorInfo.swift; sourceTree = "<group>"; };
		C839C6A22821352200F66043 /* MadDoctorTD.app */ = {isa = PBXFileReference; explicitFileType = wrapper.application; includeInIndex = 0; path = MadDoctorTD.app; sourceTree = BUILT_PRODUCTS_DIR; };
		C839C6A52821352200F66043 /* MadDoctorTDApp.swift */ = {isa = PBXFileReference; lastKnownFileType = sourcecode.swift; path = MadDoctorTDApp.swift; sourceTree = "<group>"; };
		C839C6A72821352200F66043 /* ContentView.swift */ = {isa = PBXFileReference; lastKnownFileType = sourcecode.swift; path = ContentView.swift; sourceTree = "<group>"; };
		C839C6A92821352400F66043 /* Assets.xcassets */ = {isa = PBXFileReference; lastKnownFileType = folder.assetcatalog; path = Assets.xcassets; sourceTree = "<group>"; };
		C839C6AC2821352400F66043 /* Preview Assets.xcassets */ = {isa = PBXFileReference; lastKnownFileType = folder.assetcatalog; path = "Preview Assets.xcassets"; sourceTree = "<group>"; };
		C839C6AE2821352400F66043 /* Persistence.swift */ = {isa = PBXFileReference; lastKnownFileType = sourcecode.swift; path = Persistence.swift; sourceTree = "<group>"; };
		C839C6B12821352400F66043 /* MadDoctorTD.xcdatamodel */ = {isa = PBXFileReference; lastKnownFileType = wrapper.xcdatamodel; path = MadDoctorTD.xcdatamodel; sourceTree = "<group>"; };
		C839C6B828214DC900F66043 /* AppManager.swift */ = {isa = PBXFileReference; lastKnownFileType = sourcecode.swift; path = AppManager.swift; sourceTree = "<group>"; };
		C839C6BA2821579F00F66043 /* Constants.swift */ = {isa = PBXFileReference; lastKnownFileType = sourcecode.swift; path = Constants.swift; sourceTree = "<group>"; };
		C839C6BC2821586300F66043 /* GameManager.swift */ = {isa = PBXFileReference; lastKnownFileType = sourcecode.swift; path = GameManager.swift; sourceTree = "<group>"; };
		C839C6BE282158C100F66043 /* SoundManager.swift */ = {isa = PBXFileReference; lastKnownFileType = sourcecode.swift; path = SoundManager.swift; sourceTree = "<group>"; };
		C839C6C028215B4800F66043 /* InputManager.swift */ = {isa = PBXFileReference; lastKnownFileType = sourcecode.swift; path = InputManager.swift; sourceTree = "<group>"; };
		C839C6C52821619200F66043 /* LabMenuView.swift */ = {isa = PBXFileReference; lastKnownFileType = sourcecode.swift; path = LabMenuView.swift; sourceTree = "<group>"; };
		C839C6C7282161BA00F66043 /* MainMenuView.swift */ = {isa = PBXFileReference; lastKnownFileType = sourcecode.swift; path = MainMenuView.swift; sourceTree = "<group>"; };
		C839C6C9282161DF00F66043 /* ResearchView.swift */ = {isa = PBXFileReference; lastKnownFileType = sourcecode.swift; path = ResearchView.swift; sourceTree = "<group>"; };
		C839C6CB2821621400F66043 /* SettingsView.swift */ = {isa = PBXFileReference; lastKnownFileType = sourcecode.swift; path = SettingsView.swift; sourceTree = "<group>"; };
		C839C6CD28216A0A00F66043 /* PhysicsExtension.swift */ = {isa = PBXFileReference; lastKnownFileType = sourcecode.swift; path = PhysicsExtension.swift; sourceTree = "<group>"; };
		C839C6CF28216CD400F66043 /* FoundationPlate.swift */ = {isa = PBXFileReference; lastKnownFileType = sourcecode.swift; path = FoundationPlate.swift; sourceTree = "<group>"; };
		C844A72C282A46A300FC42C9 /* TowerFactory.swift */ = {isa = PBXFileReference; lastKnownFileType = sourcecode.swift; path = TowerFactory.swift; sourceTree = "<group>"; };
		C844A72E282A582700FC42C9 /* ProjectileFactory.swift */ = {isa = PBXFileReference; lastKnownFileType = sourcecode.swift; path = ProjectileFactory.swift; sourceTree = "<group>"; };
		C844A730282A6D5800FC42C9 /* ClickableTilesFactory.swift */ = {isa = PBXFileReference; lastKnownFileType = sourcecode.swift; path = ClickableTilesFactory.swift; sourceTree = "<group>"; };
		C844A732282A7FE500FC42C9 /* FoundationPlatesFactory.swift */ = {isa = PBXFileReference; lastKnownFileType = sourcecode.swift; path = FoundationPlatesFactory.swift; sourceTree = "<group>"; };
		C844A734282A88DA00FC42C9 /* SlimeEnemy.swift */ = {isa = PBXFileReference; lastKnownFileType = sourcecode.swift; path = SlimeEnemy.swift; sourceTree = "<group>"; };
		C844A736282A969600FC42C9 /* CannonExplosion.sks */ = {isa = PBXFileReference; lastKnownFileType = file.sks; path = CannonExplosion.sks; sourceTree = "<group>"; };
		C844A738282A982800FC42C9 /* EnemiesFactory.swift */ = {isa = PBXFileReference; lastKnownFileType = sourcecode.swift; path = EnemiesFactory.swift; sourceTree = "<group>"; };
		C844A73B282AA26C00FC42C9 /* SquidEnemy.swift */ = {isa = PBXFileReference; lastKnownFileType = sourcecode.swift; path = SquidEnemy.swift; sourceTree = "<group>"; };
		C868AACD28229790003F91D0 /* Enemy.swift */ = {isa = PBXFileReference; lastKnownFileType = sourcecode.swift; path = Enemy.swift; sourceTree = "<group>"; };
		C897BC1C282510380085D093 /* WaveManager.swift */ = {isa = PBXFileReference; lastKnownFileType = sourcecode.swift; path = WaveManager.swift; sourceTree = "<group>"; };
		C897BC1E282515260085D093 /* RandomNumberGenerator.swift */ = {isa = PBXFileReference; lastKnownFileType = sourcecode.swift; path = RandomNumberGenerator.swift; sourceTree = "<group>"; };
		C89DA1DA282E857D00364AB4 /* GameOverView.swift */ = {isa = PBXFileReference; lastKnownFileType = sourcecode.swift; path = GameOverView.swift; sourceTree = "<group>"; };
		C8A23075282D4FFD00A4B8DA /* PhysicsUtils.swift */ = {isa = PBXFileReference; lastKnownFileType = sourcecode.swift; path = PhysicsUtils.swift; sourceTree = "<group>"; };
		C8A2F62928351B6000D94CEE /* BossEnemy.swift */ = {isa = PBXFileReference; lastKnownFileType = sourcecode.swift; path = BossEnemy.swift; sourceTree = "<group>"; };
		C8E0591728365CED00BB2F9F /* DropObject.swift */ = {isa = PBXFileReference; lastKnownFileType = sourcecode.swift; path = DropObject.swift; sourceTree = "<group>"; };
		C8E0591B2836869F00BB2F9F /* Dialogue.swift */ = {isa = PBXFileReference; lastKnownFileType = sourcecode.swift; path = Dialogue.swift; sourceTree = "<group>"; };
		C8E0591D2836874B00BB2F9F /* SlimeMaterialObtainedDialogue.swift */ = {isa = PBXFileReference; lastKnownFileType = sourcecode.swift; path = SlimeMaterialObtainedDialogue.swift; sourceTree = "<group>"; };
		C8E693442823C38F00D0A661 /* Edge.swift */ = {isa = PBXFileReference; lastKnownFileType = sourcecode.swift; path = Edge.swift; sourceTree = "<group>"; };
		E5268CCB28226EF000F134A5 /* Tower.swift */ = {isa = PBXFileReference; lastKnownFileType = sourcecode.swift; path = Tower.swift; sourceTree = "<group>"; };
		E5268CCF2822708600F134A5 /* GunTower.swift */ = {isa = PBXFileReference; lastKnownFileType = sourcecode.swift; path = GunTower.swift; sourceTree = "<group>"; };
		E5268CD128250E5F00F134A5 /* RapidFireTower.swift */ = {isa = PBXFileReference; lastKnownFileType = sourcecode.swift; path = RapidFireTower.swift; sourceTree = "<group>"; };
		E5268CD3282537BC00F134A5 /* SniperTower.swift */ = {isa = PBXFileReference; lastKnownFileType = sourcecode.swift; path = SniperTower.swift; sourceTree = "<group>"; };
		E5268CD528253E6600F134A5 /* SniperProjectile.swift */ = {isa = PBXFileReference; lastKnownFileType = sourcecode.swift; path = SniperProjectile.swift; sourceTree = "<group>"; };
		E57BA9E6282B9819001BCD99 /* StartScene.sks */ = {isa = PBXFileReference; lastKnownFileType = file.sks; path = StartScene.sks; sourceTree = "<group>"; };
		E57BA9E8282B9885001BCD99 /* StartScene.swift */ = {isa = PBXFileReference; lastKnownFileType = sourcecode.swift; path = StartScene.swift; sourceTree = "<group>"; };
		E57BA9EC282B9922001BCD99 /* StartSceneView.swift */ = {isa = PBXFileReference; lastKnownFileType = sourcecode.swift; path = StartSceneView.swift; sourceTree = "<group>"; };
		E57BA9EE282B9CD2001BCD99 /* StartSceneCommunicator.swift */ = {isa = PBXFileReference; lastKnownFileType = sourcecode.swift; path = StartSceneCommunicator.swift; sourceTree = "<group>"; };
		E5836FF6282A621500EAF6E9 /* CannonTower.swift */ = {isa = PBXFileReference; lastKnownFileType = sourcecode.swift; path = CannonTower.swift; sourceTree = "<group>"; };
		E5836FF8282A652D00EAF6E9 /* AoeProjectile.swift */ = {isa = PBXFileReference; lastKnownFileType = sourcecode.swift; path = AoeProjectile.swift; sourceTree = "<group>"; };
		E5836FFA282A662000EAF6E9 /* CannonProjectile.swift */ = {isa = PBXFileReference; lastKnownFileType = sourcecode.swift; path = CannonProjectile.swift; sourceTree = "<group>"; };
		E5BB6D64283CC2F0003E57D9 /* Launch Screen.storyboard */ = {isa = PBXFileReference; lastKnownFileType = file.storyboard; path = "Launch Screen.storyboard"; sourceTree = "<group>"; };
		E5E965DD2833809700010B5A /* TowerMenuScene.sks */ = {isa = PBXFileReference; lastKnownFileType = file.sks; path = TowerMenuScene.sks; sourceTree = "<group>"; };
/* End PBXFileReference section */

/* Begin PBXFrameworksBuildPhase section */
		C839C69F2821352200F66043 /* Frameworks */ = {
			isa = PBXFrameworksBuildPhase;
			buildActionMask = 2147483647;
			files = (
			);
			runOnlyForDeploymentPostprocessing = 0;
		};
/* End PBXFrameworksBuildPhase section */

/* Begin PBXGroup section */
		C81DED1F2837AE7800D67B8F /* Model */ = {
			isa = PBXGroup;
			children = (
				C81DED202837AE8800D67B8F /* ErrorInfo.swift */,
			);
			path = Model;
			sourceTree = "<group>";
		};
		C82C4D0B28240D8900067858 /* Game Objects */ = {
			isa = PBXGroup;
			children = (
				C839C6CF28216CD400F66043 /* FoundationPlate.swift */,
				3359CCA52821596700878191 /* ClickableTile.swift */,
				C8E693442823C38F00D0A661 /* Edge.swift */,
				3398938728362CAC006B0374 /* MoneyObject.swift */,
				3398938928363B3C006B0374 /* PriceObject.swift */,
				C8E0591728365CED00BB2F9F /* DropObject.swift */,
				C844A72B282A468E00FC42C9 /* Factories */,
				C82C4D0C28240DBA00067858 /* Towers */,
				C82C4D0D28240DD100067858 /* Projectiles */,
				C82C4D0E28240DE100067858 /* Enemies */,
				C8E0591F2836876E00BB2F9F /* OnScreenText */,
			);
			path = "Game Objects";
			sourceTree = "<group>";
		};
		C82C4D0C28240DBA00067858 /* Towers */ = {
			isa = PBXGroup;
			children = (
				E5268CCB28226EF000F134A5 /* Tower.swift */,
				E5268CCF2822708600F134A5 /* GunTower.swift */,
				E5268CD128250E5F00F134A5 /* RapidFireTower.swift */,
				E5268CD3282537BC00F134A5 /* SniperTower.swift */,
				E5836FF6282A621500EAF6E9 /* CannonTower.swift */,
			);
			path = Towers;
			sourceTree = "<group>";
		};
		C82C4D0D28240DD100067858 /* Projectiles */ = {
			isa = PBXGroup;
			children = (
				332033192822ABF500133BBA /* Projectile.swift */,
				3320331C2822ACFA00133BBA /* GunProjectile.swift */,
				E5268CD528253E6600F134A5 /* SniperProjectile.swift */,
				E5836FF8282A652D00EAF6E9 /* AoeProjectile.swift */,
				E5836FFA282A662000EAF6E9 /* CannonProjectile.swift */,
			);
			path = Projectiles;
			sourceTree = "<group>";
		};
		C82C4D0E28240DE100067858 /* Enemies */ = {
			isa = PBXGroup;
			children = (
				C868AACD28229790003F91D0 /* Enemy.swift */,
				C844A734282A88DA00FC42C9 /* SlimeEnemy.swift */,
				C844A73B282AA26C00FC42C9 /* SquidEnemy.swift */,
				C8A2F62928351B6000D94CEE /* BossEnemy.swift */,
			);
			path = Enemies;
			sourceTree = "<group>";
		};
		C82C4D0F28240E0600067858 /* Game Scenes */ = {
			isa = PBXGroup;
			children = (
				3359CC9028214C9A00878191 /* GameScene.sks */,
				3359CC9228214D8300878191 /* GameScene.swift */,
				3359CC9528214E2200878191 /* GameSceneView.swift */,
				3314684B282165F0003EA0CC /* GameSceneCommunicator.swift */,
				3359CC9728214F1800878191 /* LabScene.sks */,
				3359CC9928214F4800878191 /* LabScene.swift */,
				3359CC9B28214F6200878191 /* LabSceneView.swift */,
				33B86800282D08DA004AA4D4 /* LabSceneCommunicator.swift */,
				E57BA9E6282B9819001BCD99 /* StartScene.sks */,
				E57BA9E8282B9885001BCD99 /* StartScene.swift */,
				E57BA9EC282B9922001BCD99 /* StartSceneView.swift */,
				E57BA9EE282B9CD2001BCD99 /* StartSceneCommunicator.swift */,
				E5E965DD2833809700010B5A /* TowerMenuScene.sks */,
			);
			path = "Game Scenes";
			sourceTree = "<group>";
		};
		C82C4D1028240E4300067858 /* Sound and Graphics */ = {
			isa = PBXGroup;
			children = (
				C8703492282BFB4D001A2D64 /* Sounds */,
				C839C6A92821352400F66043 /* Assets.xcassets */,
				E5BB6D64283CC2F0003E57D9 /* Launch Screen.storyboard */,
				3359CCA3282157C500878191 /* MyTileSet.sks */,
				3311AB8E28230D05009DEEEC /* GunProjectileImpact.sks */,
				C844A736282A969600FC42C9 /* CannonExplosion.sks */,
			);
			path = "Sound and Graphics";
			sourceTree = "<group>";
		};
		C82C4D1128240E6800067858 /* Controllers */ = {
			isa = PBXGroup;
			children = (
				C839C6B828214DC900F66043 /* AppManager.swift */,
				C839C6BE282158C100F66043 /* SoundManager.swift */,
				C839C6A72821352200F66043 /* ContentView.swift */,
				C839C6BC2821586300F66043 /* GameManager.swift */,
				C839C6C028215B4800F66043 /* InputManager.swift */,
				C839C6CD28216A0A00F66043 /* PhysicsExtension.swift */,
				C897BC1C282510380085D093 /* WaveManager.swift */,
				C897BC1E282515260085D093 /* RandomNumberGenerator.swift */,
				C8A23075282D4FFD00A4B8DA /* PhysicsUtils.swift */,
			);
			path = Controllers;
			sourceTree = "<group>";
		};
		C839C6992821352200F66043 = {
			isa = PBXGroup;
			children = (
				C839C6A42821352200F66043 /* MadDoctorTD */,
				C839C6A32821352200F66043 /* Products */,
			);
			sourceTree = "<group>";
		};
		C839C6A32821352200F66043 /* Products */ = {
			isa = PBXGroup;
			children = (
				C839C6A22821352200F66043 /* MadDoctorTD.app */,
			);
			name = Products;
			sourceTree = "<group>";
		};
		C839C6A42821352200F66043 /* MadDoctorTD */ = {
			isa = PBXGroup;
			children = (
				C81DED1F2837AE7800D67B8F /* Model */,
				C82C4D1128240E6800067858 /* Controllers */,
				C82C4D1028240E4300067858 /* Sound and Graphics */,
				C82C4D0F28240E0600067858 /* Game Scenes */,
				C82C4D0B28240D8900067858 /* Game Objects */,
				C839C6C42821617F00F66043 /* Views */,
				C839C6A52821352200F66043 /* MadDoctorTDApp.swift */,
				C839C6AE2821352400F66043 /* Persistence.swift */,
				C839C6B02821352400F66043 /* MadDoctorTD.xcdatamodeld */,
				C839C6BA2821579F00F66043 /* Constants.swift */,
				C839C6AB2821352400F66043 /* Preview Content */,
			);
			path = MadDoctorTD;
			sourceTree = "<group>";
		};
		C839C6AB2821352400F66043 /* Preview Content */ = {
			isa = PBXGroup;
			children = (
				C839C6AC2821352400F66043 /* Preview Assets.xcassets */,
			);
			path = "Preview Content";
			sourceTree = "<group>";
		};
		C839C6C42821617F00F66043 /* Views */ = {
			isa = PBXGroup;
			children = (
				C839C6C52821619200F66043 /* LabMenuView.swift */,
				C839C6C7282161BA00F66043 /* MainMenuView.swift */,
				C839C6C9282161DF00F66043 /* ResearchView.swift */,
				C839C6CB2821621400F66043 /* SettingsView.swift */,
				C89DA1DA282E857D00364AB4 /* GameOverView.swift */,
			);
			path = Views;
			sourceTree = "<group>";
		};
		C844A72B282A468E00FC42C9 /* Factories */ = {
			isa = PBXGroup;
			children = (
				C844A72C282A46A300FC42C9 /* TowerFactory.swift */,
				C844A72E282A582700FC42C9 /* ProjectileFactory.swift */,
				C844A730282A6D5800FC42C9 /* ClickableTilesFactory.swift */,
				C844A732282A7FE500FC42C9 /* FoundationPlatesFactory.swift */,
				C844A738282A982800FC42C9 /* EnemiesFactory.swift */,
			);
			path = Factories;
			sourceTree = "<group>";
		};
		C8703492282BFB4D001A2D64 /* Sounds */ = {
			isa = PBXGroup;
			children = (
				B35C2133282CFE8F009A748E /* slime_death1.wav */,
				B35C2132282CFE8F009A748E /* slime_death2.wav */,
				B35C2130282CFE8E009A748E /* slime_death3.wav */,
				B34EEAE52837D2B000CE60C1 /* portal_located.mp3 */,
				B34EEA97283641A600CE60C1 /* 3_MAD_TD_Theme_Party_In_The_Basement_Deep.mp3 */,
				B34EEADA2837B01A00CE60C1 /* sniper_chosen.mp3 */,
				B34EEAD72837B01900CE60C1 /* upg_sound_1.mp3 */,
				B34EEAE32837C9DA00CE60C1 /* mad_td_simplified.wav */,
				B34EEAD82837B01900CE60C1 /* upg_sound_2.mp3 */,
				B34EEADB2837B01A00CE60C1 /* upg_sound_3.mp3 */,
				B34EEAD92837B01A00CE60C1 /* upg_sound_4.mp3 */,
				B34EEADC2837B01B00CE60C1 /* upg_sound_5.mp3 */,
				B34EEA922836418E00CE60C1 /* metal_tap_1.mp3 */,
				B34EEA8F2836418D00CE60C1 /* metal_tap_2.mp3 */,
				B34EEA902836418D00CE60C1 /* metal_tap_3.mp3 */,
				B34EEA912836418D00CE60C1 /* metal_tap_4.mp3 */,
				B35C213E282D3DA7009A748E /* cannon_tower_impact.mp3 */,
				B35C2138282D00F0009A748E /* desert_custom_atmosphere.mp3 */,
				B35C213C282D39DB009A748E /* cannon_shot_fired.mp3 */,
				B35C2131282CFE8F009A748E /* slime_death4.wav */,
				B35C212E282BE838009A748E /* filtered_theme_song_no_fizz.mp3 */,
				B35C2119282BC07C009A748E /* mortar_swoosh1.mp3 */,
				B30A1E6E2833CA3B007F86E5 /* construction_sound_effect.wav */,
				B35C214D282D44DB009A748E /* button_press_four.mp3 */,
				B35C214C282D44DB009A748E /* button_press_one.mp3 */,
				B35C214F282D44DC009A748E /* button_press_three.mp3 */,
				B35C214E282D44DB009A748E /* button_press_two.mp3 */,
				B35C211C282BC07C009A748E /* mortar_swoosh2.mp3 */,
				B35C2116282BC07B009A748E /* mortar_swoosh3.mp3 */,
				B35C2118282BC07C009A748E /* mortar_swoosh4.mp3 */,
				B35C2117282BC07B009A748E /* mortar_swoosh5.mp3 */,
				B35C213A282D021B009A748E /* mad_td_airlock_theme.wav */,
				B35C211A282BC07C009A748E /* mortar_swoosh6.mp3 */,
				B35C211B282BC07C009A748E /* mortar_swoosh7.mp3 */,
				3311AB9028231156009DEEEC /* gun_projectile_impact.wav */,
				B35C20FA282A45DA009A748E /* AWP_SOUND_EFFECT.wav */,
				B35C2107282A632F009A748E /* sniper_bullet_fly_by_1.wav */,
				B35C2106282A632F009A748E /* sniper_bullet_fly_by_2.wav */,
				B35C210A282A6330009A748E /* sniper_bullet_fly_by_3.wav */,
				B35C2108282A632F009A748E /* sniper_bullet_fly_by_4.wav */,
				B35C2154282D4545009A748E /* research_view_open.mp3 */,
				B35C2156282D454D009A748E /* research_interface_atmosphere.mp3 */,
				B35C2109282A632F009A748E /* sniper_bullet_fly_by_5.wav */,
				B35C2111282A6EEE009A748E /* construction_sound_effect.wav */,
				B35C2110282A6EEE009A748E /* finger_tap_boosted.wav */,
				B35C2114282B972B009A748E /* mad_td_theme.wav */,
			);
			path = Sounds;
			sourceTree = "<group>";
		};
		C8E0591F2836876E00BB2F9F /* OnScreenText */ = {
			isa = PBXGroup;
			children = (
				C8E0591B2836869F00BB2F9F /* Dialogue.swift */,
				C8E0591D2836874B00BB2F9F /* SlimeMaterialObtainedDialogue.swift */,
			);
			path = OnScreenText;
			sourceTree = "<group>";
		};
/* End PBXGroup section */

/* Begin PBXNativeTarget section */
		C839C6A12821352200F66043 /* MadDoctorTD */ = {
			isa = PBXNativeTarget;
			buildConfigurationList = C839C6B52821352400F66043 /* Build configuration list for PBXNativeTarget "MadDoctorTD" */;
			buildPhases = (
				C839C69E2821352200F66043 /* Sources */,
				C839C69F2821352200F66043 /* Frameworks */,
				C839C6A02821352200F66043 /* Resources */,
			);
			buildRules = (
			);
			dependencies = (
			);
			name = MadDoctorTD;
			productName = MadDoctorTD;
			productReference = C839C6A22821352200F66043 /* MadDoctorTD.app */;
			productType = "com.apple.product-type.application";
		};
/* End PBXNativeTarget section */

/* Begin PBXProject section */
		C839C69A2821352200F66043 /* Project object */ = {
			isa = PBXProject;
			attributes = {
				BuildIndependentTargetsInParallel = 1;
				LastSwiftUpdateCheck = 1330;
				LastUpgradeCheck = 1340;
				TargetAttributes = {
					C839C6A12821352200F66043 = {
						CreatedOnToolsVersion = 13.3.1;
					};
				};
			};
			buildConfigurationList = C839C69D2821352200F66043 /* Build configuration list for PBXProject "MadDoctorTD" */;
			compatibilityVersion = "Xcode 13.0";
			developmentRegion = en;
			hasScannedForEncodings = 0;
			knownRegions = (
				en,
				Base,
			);
			mainGroup = C839C6992821352200F66043;
			productRefGroup = C839C6A32821352200F66043 /* Products */;
			projectDirPath = "";
			projectRoot = "";
			targets = (
				C839C6A12821352200F66043 /* MadDoctorTD */,
			);
		};
/* End PBXProject section */

/* Begin PBXResourcesBuildPhase section */
		C839C6A02821352200F66043 /* Resources */ = {
			isa = PBXResourcesBuildPhase;
			buildActionMask = 2147483647;
			files = (
				B35C2115282B972B009A748E /* mad_td_theme.wav in Resources */,
				B34EEADD2837B01B00CE60C1 /* upg_sound_1.mp3 in Resources */,
				B35C2134282CFE8F009A748E /* slime_death3.wav in Resources */,
				B35C2152282D44DC009A748E /* button_press_two.mp3 in Resources */,
				B34EEAE12837B01B00CE60C1 /* upg_sound_3.mp3 in Resources */,
				B35C2123282BC07C009A748E /* mortar_swoosh2.mp3 in Resources */,
				C844A737282A969600FC42C9 /* CannonExplosion.sks in Resources */,
				3359CC9828214F1800878191 /* LabScene.sks in Resources */,
				B34EEA942836418E00CE60C1 /* metal_tap_3.mp3 in Resources */,
				B34EEAE42837C9DB00CE60C1 /* mad_td_simplified.wav in Resources */,
				E5E965DE2833809700010B5A /* TowerMenuScene.sks in Resources */,
				C839C6AD2821352400F66043 /* Preview Assets.xcassets in Resources */,
				B35C213D282D39DB009A748E /* cannon_shot_fired.mp3 in Resources */,
				3311AB9128231156009DEEEC /* gun_projectile_impact.wav in Resources */,
				B34EEAE62837D2B000CE60C1 /* portal_located.mp3 in Resources */,
				B35C2121282BC07C009A748E /* mortar_swoosh6.mp3 in Resources */,
				B35C2136282CFE8F009A748E /* slime_death2.wav in Resources */,
				B35C210E282A6330009A748E /* sniper_bullet_fly_by_5.wav in Resources */,
				B35C211E282BC07C009A748E /* mortar_swoosh5.mp3 in Resources */,
				B34EEA962836418E00CE60C1 /* metal_tap_1.mp3 in Resources */,
				B35C211F282BC07C009A748E /* mortar_swoosh4.mp3 in Resources */,
				B35C211D282BC07C009A748E /* mortar_swoosh3.mp3 in Resources */,
				3359CC9128214C9A00878191 /* GameScene.sks in Resources */,
				B35C210D282A6330009A748E /* sniper_bullet_fly_by_4.wav in Resources */,
				E57BA9E7282B9819001BCD99 /* StartScene.sks in Resources */,
				B35C213F282D3DA7009A748E /* cannon_tower_impact.mp3 in Resources */,
				B35C2151282D44DC009A748E /* button_press_four.mp3 in Resources */,
				B35C2135282CFE8F009A748E /* slime_death4.wav in Resources */,
				E5BB6D65283CC2F0003E57D9 /* Launch Screen.storyboard in Resources */,
				B35C20FB282A45DB009A748E /* AWP_SOUND_EFFECT.wav in Resources */,
				B35C210C282A6330009A748E /* sniper_bullet_fly_by_1.wav in Resources */,
				B35C213B282D021B009A748E /* mad_td_airlock_theme.wav in Resources */,
				3359CCA4282157C500878191 /* MyTileSet.sks in Resources */,
				C839C6AA2821352400F66043 /* Assets.xcassets in Resources */,
				B34EEA932836418E00CE60C1 /* metal_tap_2.mp3 in Resources */,
				B34EEAE02837B01B00CE60C1 /* sniper_chosen.mp3 in Resources */,
				B35C2155282D4546009A748E /* research_view_open.mp3 in Resources */,
				B35C2112282A6EEE009A748E /* finger_tap_boosted.wav in Resources */,
				B35C2137282CFE8F009A748E /* slime_death1.wav in Resources */,
				B34EEADE2837B01B00CE60C1 /* upg_sound_2.mp3 in Resources */,
				B30A1E6F2833CA3B007F86E5 /* construction_sound_effect.wav in Resources */,
				3311AB8F28230D05009DEEEC /* GunProjectileImpact.sks in Resources */,
				B34EEADF2837B01B00CE60C1 /* upg_sound_4.mp3 in Resources */,
				B35C2153282D44DC009A748E /* button_press_three.mp3 in Resources */,
				B34EEAE22837B01B00CE60C1 /* upg_sound_5.mp3 in Resources */,
				B35C2120282BC07C009A748E /* mortar_swoosh1.mp3 in Resources */,
				B35C2150282D44DC009A748E /* button_press_one.mp3 in Resources */,
				B35C2157282D454D009A748E /* research_interface_atmosphere.mp3 in Resources */,
				B35C2122282BC07C009A748E /* mortar_swoosh7.mp3 in Resources */,
				B34EEA98283641A600CE60C1 /* 3_MAD_TD_Theme_Party_In_The_Basement_Deep.mp3 in Resources */,
				B34EEA952836418E00CE60C1 /* metal_tap_4.mp3 in Resources */,
				B35C2139282D00F0009A748E /* desert_custom_atmosphere.mp3 in Resources */,
				B35C210F282A6330009A748E /* sniper_bullet_fly_by_3.wav in Resources */,
				B35C212F282BE83C009A748E /* filtered_theme_song_no_fizz.mp3 in Resources */,
				B35C210B282A6330009A748E /* sniper_bullet_fly_by_2.wav in Resources */,
			);
			runOnlyForDeploymentPostprocessing = 0;
		};
/* End PBXResourcesBuildPhase section */

/* Begin PBXSourcesBuildPhase section */
		C839C69E2821352200F66043 /* Sources */ = {
			isa = PBXSourcesBuildPhase;
			buildActionMask = 2147483647;
			files = (
				C8A2F62A28351B6000D94CEE /* BossEnemy.swift in Sources */,
				C81DED212837AE8800D67B8F /* ErrorInfo.swift in Sources */,
				C839C6C8282161BA00F66043 /* MainMenuView.swift in Sources */,
				E57BA9E9282B9885001BCD99 /* StartScene.swift in Sources */,
				C844A739282A982800FC42C9 /* EnemiesFactory.swift in Sources */,
				33B86801282D08DA004AA4D4 /* LabSceneCommunicator.swift in Sources */,
				3359CC9328214D8300878191 /* GameScene.swift in Sources */,
				E5268CD4282537BD00F134A5 /* SniperTower.swift in Sources */,
				3359CC9628214E2200878191 /* GameSceneView.swift in Sources */,
				C839C6AF2821352400F66043 /* Persistence.swift in Sources */,
				E5268CD02822708600F134A5 /* GunTower.swift in Sources */,
				C839C6BD2821586300F66043 /* GameManager.swift in Sources */,
				C868AACE28229790003F91D0 /* Enemy.swift in Sources */,
				C8E693452823C38F00D0A661 /* Edge.swift in Sources */,
				C839C6CE28216A0A00F66043 /* PhysicsExtension.swift in Sources */,
				C839C6D028216CD400F66043 /* FoundationPlate.swift in Sources */,
				C8A23076282D4FFD00A4B8DA /* PhysicsUtils.swift in Sources */,
				3398938828362CAC006B0374 /* MoneyObject.swift in Sources */,
				C839C6CC2821621400F66043 /* SettingsView.swift in Sources */,
				E57BA9ED282B9922001BCD99 /* StartSceneView.swift in Sources */,
				C839C6CA282161DF00F66043 /* ResearchView.swift in Sources */,
				C839C6B928214DC900F66043 /* AppManager.swift in Sources */,
				C839C6BF282158C100F66043 /* SoundManager.swift in Sources */,
				C839C6C128215B4800F66043 /* InputManager.swift in Sources */,
				C839C6B22821352400F66043 /* MadDoctorTD.xcdatamodeld in Sources */,
				C839C6BB2821579F00F66043 /* Constants.swift in Sources */,
				3320331A2822ABF500133BBA /* Projectile.swift in Sources */,
				C844A72D282A46A300FC42C9 /* TowerFactory.swift in Sources */,
				E57BA9EF282B9CD2001BCD99 /* StartSceneCommunicator.swift in Sources */,
				C844A731282A6D5800FC42C9 /* ClickableTilesFactory.swift in Sources */,
				C839C6C62821619200F66043 /* LabMenuView.swift in Sources */,
				E5836FF9282A652D00EAF6E9 /* AoeProjectile.swift in Sources */,
				C8E0591E2836874B00BB2F9F /* SlimeMaterialObtainedDialogue.swift in Sources */,
				C8E0591828365CED00BB2F9F /* DropObject.swift in Sources */,
				E5268CD228250E5F00F134A5 /* RapidFireTower.swift in Sources */,
				3398938A28363B3C006B0374 /* PriceObject.swift in Sources */,
				3359CC9A28214F4800878191 /* LabScene.swift in Sources */,
				E5836FF7282A621500EAF6E9 /* CannonTower.swift in Sources */,
				E5268CD628253E6600F134A5 /* SniperProjectile.swift in Sources */,
				3359CC9C28214F6200878191 /* LabSceneView.swift in Sources */,
				E5268CCC28226EF000F134A5 /* Tower.swift in Sources */,
				E5836FFB282A662000EAF6E9 /* CannonProjectile.swift in Sources */,
				C844A73C282AA26C00FC42C9 /* SquidEnemy.swift in Sources */,
				C897BC1F282515260085D093 /* RandomNumberGenerator.swift in Sources */,
				C844A733282A7FE500FC42C9 /* FoundationPlatesFactory.swift in Sources */,
				C897BC1D282510380085D093 /* WaveManager.swift in Sources */,
				C839C6A82821352200F66043 /* ContentView.swift in Sources */,
				C8E0591C2836869F00BB2F9F /* Dialogue.swift in Sources */,
				3314684C282165F1003EA0CC /* GameSceneCommunicator.swift in Sources */,
				C844A72F282A582800FC42C9 /* ProjectileFactory.swift in Sources */,
				3359CCA62821596700878191 /* ClickableTile.swift in Sources */,
				3320331D2822ACFA00133BBA /* GunProjectile.swift in Sources */,
				C839C6A62821352200F66043 /* MadDoctorTDApp.swift in Sources */,
				C89DA1DB282E857D00364AB4 /* GameOverView.swift in Sources */,
				C844A735282A88DA00FC42C9 /* SlimeEnemy.swift in Sources */,
			);
			runOnlyForDeploymentPostprocessing = 0;
		};
/* End PBXSourcesBuildPhase section */

/* Begin XCBuildConfiguration section */
		C839C6B32821352400F66043 /* Debug */ = {
			isa = XCBuildConfiguration;
			buildSettings = {
				ALWAYS_SEARCH_USER_PATHS = NO;
				CLANG_ANALYZER_NONNULL = YES;
				CLANG_ANALYZER_NUMBER_OBJECT_CONVERSION = YES_AGGRESSIVE;
				CLANG_CXX_LANGUAGE_STANDARD = "gnu++17";
				CLANG_ENABLE_MODULES = YES;
				CLANG_ENABLE_OBJC_ARC = YES;
				CLANG_ENABLE_OBJC_WEAK = YES;
				CLANG_WARN_BLOCK_CAPTURE_AUTORELEASING = YES;
				CLANG_WARN_BOOL_CONVERSION = YES;
				CLANG_WARN_COMMA = YES;
				CLANG_WARN_CONSTANT_CONVERSION = YES;
				CLANG_WARN_DEPRECATED_OBJC_IMPLEMENTATIONS = YES;
				CLANG_WARN_DIRECT_OBJC_ISA_USAGE = YES_ERROR;
				CLANG_WARN_DOCUMENTATION_COMMENTS = YES;
				CLANG_WARN_EMPTY_BODY = YES;
				CLANG_WARN_ENUM_CONVERSION = YES;
				CLANG_WARN_INFINITE_RECURSION = YES;
				CLANG_WARN_INT_CONVERSION = YES;
				CLANG_WARN_NON_LITERAL_NULL_CONVERSION = YES;
				CLANG_WARN_OBJC_IMPLICIT_RETAIN_SELF = YES;
				CLANG_WARN_OBJC_LITERAL_CONVERSION = YES;
				CLANG_WARN_OBJC_ROOT_CLASS = YES_ERROR;
				CLANG_WARN_QUOTED_INCLUDE_IN_FRAMEWORK_HEADER = YES;
				CLANG_WARN_RANGE_LOOP_ANALYSIS = YES;
				CLANG_WARN_STRICT_PROTOTYPES = YES;
				CLANG_WARN_SUSPICIOUS_MOVE = YES;
				CLANG_WARN_UNGUARDED_AVAILABILITY = YES_AGGRESSIVE;
				CLANG_WARN_UNREACHABLE_CODE = YES;
				CLANG_WARN__DUPLICATE_METHOD_MATCH = YES;
				COPY_PHASE_STRIP = NO;
				DEBUG_INFORMATION_FORMAT = dwarf;
				ENABLE_STRICT_OBJC_MSGSEND = YES;
				ENABLE_TESTABILITY = YES;
				GCC_C_LANGUAGE_STANDARD = gnu11;
				GCC_DYNAMIC_NO_PIC = NO;
				GCC_NO_COMMON_BLOCKS = YES;
				GCC_OPTIMIZATION_LEVEL = 0;
				GCC_PREPROCESSOR_DEFINITIONS = (
					"DEBUG=1",
					"$(inherited)",
				);
				GCC_WARN_64_TO_32_BIT_CONVERSION = YES;
				GCC_WARN_ABOUT_RETURN_TYPE = YES_ERROR;
				GCC_WARN_UNDECLARED_SELECTOR = YES;
				GCC_WARN_UNINITIALIZED_AUTOS = YES_AGGRESSIVE;
				GCC_WARN_UNUSED_FUNCTION = YES;
				GCC_WARN_UNUSED_VARIABLE = YES;
				IPHONEOS_DEPLOYMENT_TARGET = 15.2;
				MTL_ENABLE_DEBUG_INFO = INCLUDE_SOURCE;
				MTL_FAST_MATH = YES;
				ONLY_ACTIVE_ARCH = YES;
				SDKROOT = iphoneos;
				SWIFT_ACTIVE_COMPILATION_CONDITIONS = DEBUG;
				SWIFT_OPTIMIZATION_LEVEL = "-Onone";
			};
			name = Debug;
		};
		C839C6B42821352400F66043 /* Release */ = {
			isa = XCBuildConfiguration;
			buildSettings = {
				ALWAYS_SEARCH_USER_PATHS = NO;
				CLANG_ANALYZER_NONNULL = YES;
				CLANG_ANALYZER_NUMBER_OBJECT_CONVERSION = YES_AGGRESSIVE;
				CLANG_CXX_LANGUAGE_STANDARD = "gnu++17";
				CLANG_ENABLE_MODULES = YES;
				CLANG_ENABLE_OBJC_ARC = YES;
				CLANG_ENABLE_OBJC_WEAK = YES;
				CLANG_WARN_BLOCK_CAPTURE_AUTORELEASING = YES;
				CLANG_WARN_BOOL_CONVERSION = YES;
				CLANG_WARN_COMMA = YES;
				CLANG_WARN_CONSTANT_CONVERSION = YES;
				CLANG_WARN_DEPRECATED_OBJC_IMPLEMENTATIONS = YES;
				CLANG_WARN_DIRECT_OBJC_ISA_USAGE = YES_ERROR;
				CLANG_WARN_DOCUMENTATION_COMMENTS = YES;
				CLANG_WARN_EMPTY_BODY = YES;
				CLANG_WARN_ENUM_CONVERSION = YES;
				CLANG_WARN_INFINITE_RECURSION = YES;
				CLANG_WARN_INT_CONVERSION = YES;
				CLANG_WARN_NON_LITERAL_NULL_CONVERSION = YES;
				CLANG_WARN_OBJC_IMPLICIT_RETAIN_SELF = YES;
				CLANG_WARN_OBJC_LITERAL_CONVERSION = YES;
				CLANG_WARN_OBJC_ROOT_CLASS = YES_ERROR;
				CLANG_WARN_QUOTED_INCLUDE_IN_FRAMEWORK_HEADER = YES;
				CLANG_WARN_RANGE_LOOP_ANALYSIS = YES;
				CLANG_WARN_STRICT_PROTOTYPES = YES;
				CLANG_WARN_SUSPICIOUS_MOVE = YES;
				CLANG_WARN_UNGUARDED_AVAILABILITY = YES_AGGRESSIVE;
				CLANG_WARN_UNREACHABLE_CODE = YES;
				CLANG_WARN__DUPLICATE_METHOD_MATCH = YES;
				COPY_PHASE_STRIP = NO;
				DEBUG_INFORMATION_FORMAT = "dwarf-with-dsym";
				ENABLE_NS_ASSERTIONS = NO;
				ENABLE_STRICT_OBJC_MSGSEND = YES;
				GCC_C_LANGUAGE_STANDARD = gnu11;
				GCC_NO_COMMON_BLOCKS = YES;
				GCC_WARN_64_TO_32_BIT_CONVERSION = YES;
				GCC_WARN_ABOUT_RETURN_TYPE = YES_ERROR;
				GCC_WARN_UNDECLARED_SELECTOR = YES;
				GCC_WARN_UNINITIALIZED_AUTOS = YES_AGGRESSIVE;
				GCC_WARN_UNUSED_FUNCTION = YES;
				GCC_WARN_UNUSED_VARIABLE = YES;
				IPHONEOS_DEPLOYMENT_TARGET = 15.2;
				MTL_ENABLE_DEBUG_INFO = NO;
				MTL_FAST_MATH = YES;
				SDKROOT = iphoneos;
				SWIFT_COMPILATION_MODE = wholemodule;
				SWIFT_OPTIMIZATION_LEVEL = "-O";
				VALIDATE_PRODUCT = YES;
			};
			name = Release;
		};
		C839C6B62821352400F66043 /* Debug */ = {
			isa = XCBuildConfiguration;
			buildSettings = {
				ASSETCATALOG_COMPILER_APPICON_NAME = AppIcon;
				ASSETCATALOG_COMPILER_GLOBAL_ACCENT_COLOR_NAME = AccentColor;
				CODE_SIGN_STYLE = Automatic;
				CURRENT_PROJECT_VERSION = 1;
				DEVELOPMENT_ASSET_PATHS = "\"MadDoctorTD/Preview Content\"";
				DEVELOPMENT_TEAM = 26Z2HANDGD;
				ENABLE_PREVIEWS = YES;
				GENERATE_INFOPLIST_FILE = YES;
				INFOPLIST_KEY_UIApplicationSceneManifest_Generation = YES;
				INFOPLIST_KEY_UIApplicationSupportsIndirectInputEvents = YES;
				INFOPLIST_KEY_UILaunchScreen_Generation = YES;
				INFOPLIST_KEY_UILaunchStoryboardName = "Launch Screen";
				INFOPLIST_KEY_UIRequiresFullScreen = YES;
				INFOPLIST_KEY_UIStatusBarHidden = YES;
				INFOPLIST_KEY_UISupportedInterfaceOrientations = UIInterfaceOrientationPortrait;
				INFOPLIST_KEY_UISupportedInterfaceOrientations_iPad = "UIInterfaceOrientationPortrait UIInterfaceOrientationPortraitUpsideDown UIInterfaceOrientationLandscapeLeft UIInterfaceOrientationLandscapeRight";
				INFOPLIST_KEY_UISupportedInterfaceOrientations_iPhone = "UIInterfaceOrientationPortrait UIInterfaceOrientationLandscapeLeft UIInterfaceOrientationLandscapeRight";
				LD_RUNPATH_SEARCH_PATHS = (
					"$(inherited)",
					"@executable_path/Frameworks",
				);
				MARKETING_VERSION = 1.0;
				PRODUCT_BUNDLE_IDENTIFIER = com.MadDoctor.MadDoctorTD;
				PRODUCT_NAME = "$(TARGET_NAME)";
				SWIFT_EMIT_LOC_STRINGS = YES;
				SWIFT_VERSION = 5.0;
				TARGETED_DEVICE_FAMILY = 1;
			};
			name = Debug;
		};
		C839C6B72821352400F66043 /* Release */ = {
			isa = XCBuildConfiguration;
			buildSettings = {
				ASSETCATALOG_COMPILER_APPICON_NAME = AppIcon;
				ASSETCATALOG_COMPILER_GLOBAL_ACCENT_COLOR_NAME = AccentColor;
				CODE_SIGN_STYLE = Automatic;
				CURRENT_PROJECT_VERSION = 1;
				DEVELOPMENT_ASSET_PATHS = "\"MadDoctorTD/Preview Content\"";
				DEVELOPMENT_TEAM = 26Z2HANDGD;
				ENABLE_PREVIEWS = YES;
				GENERATE_INFOPLIST_FILE = YES;
				INFOPLIST_KEY_UIApplicationSceneManifest_Generation = YES;
				INFOPLIST_KEY_UIApplicationSupportsIndirectInputEvents = YES;
				INFOPLIST_KEY_UILaunchScreen_Generation = YES;
				INFOPLIST_KEY_UILaunchStoryboardName = "Launch Screen";
				INFOPLIST_KEY_UIRequiresFullScreen = YES;
				INFOPLIST_KEY_UIStatusBarHidden = YES;
				INFOPLIST_KEY_UISupportedInterfaceOrientations = UIInterfaceOrientationPortrait;
				INFOPLIST_KEY_UISupportedInterfaceOrientations_iPad = "UIInterfaceOrientationPortrait UIInterfaceOrientationPortraitUpsideDown UIInterfaceOrientationLandscapeLeft UIInterfaceOrientationLandscapeRight";
				INFOPLIST_KEY_UISupportedInterfaceOrientations_iPhone = "UIInterfaceOrientationPortrait UIInterfaceOrientationLandscapeLeft UIInterfaceOrientationLandscapeRight";
				LD_RUNPATH_SEARCH_PATHS = (
					"$(inherited)",
					"@executable_path/Frameworks",
				);
				MARKETING_VERSION = 1.0;
				PRODUCT_BUNDLE_IDENTIFIER = com.MadDoctor.MadDoctorTD;
				PRODUCT_NAME = "$(TARGET_NAME)";
				SWIFT_EMIT_LOC_STRINGS = YES;
				SWIFT_VERSION = 5.0;
				TARGETED_DEVICE_FAMILY = 1;
			};
			name = Release;
		};
/* End XCBuildConfiguration section */

/* Begin XCConfigurationList section */
		C839C69D2821352200F66043 /* Build configuration list for PBXProject "MadDoctorTD" */ = {
			isa = XCConfigurationList;
			buildConfigurations = (
				C839C6B32821352400F66043 /* Debug */,
				C839C6B42821352400F66043 /* Release */,
			);
			defaultConfigurationIsVisible = 0;
			defaultConfigurationName = Release;
		};
		C839C6B52821352400F66043 /* Build configuration list for PBXNativeTarget "MadDoctorTD" */ = {
			isa = XCConfigurationList;
			buildConfigurations = (
				C839C6B62821352400F66043 /* Debug */,
				C839C6B72821352400F66043 /* Release */,
			);
			defaultConfigurationIsVisible = 0;
			defaultConfigurationName = Release;
		};
/* End XCConfigurationList section */

/* Begin XCVersionGroup section */
		C839C6B02821352400F66043 /* MadDoctorTD.xcdatamodeld */ = {
			isa = XCVersionGroup;
			children = (
				C839C6B12821352400F66043 /* MadDoctorTD.xcdatamodel */,
			);
			currentVersion = C839C6B12821352400F66043 /* MadDoctorTD.xcdatamodel */;
			path = MadDoctorTD.xcdatamodeld;
			sourceTree = "<group>";
			versionGroupType = wrapper.xcdatamodel;
		};
/* End XCVersionGroup section */
	};
	rootObject = C839C69A2821352200F66043 /* Project object */;
}
